// !$*UTF8*$!
{
	archiveVersion = 1;
	classes = {
	};
	objectVersion = 46;
	objects = {

/* Begin PBXBuildFile section */
		A66FDBD21A3E20E200DAAE13 /* TCAnswerView.m in Sources */ = {isa = PBXBuildFile; fileRef = A66FDBD11A3E20E200DAAE13 /* TCAnswerView.m */; };
		A66FDBD51A3E2D2B00DAAE13 /* GRETextButton.m in Sources */ = {isa = PBXBuildFile; fileRef = A66FDBD41A3E2D2B00DAAE13 /* GRETextButton.m */; };
		A66FDBD81A3E2DAC00DAAE13 /* GREButton.m in Sources */ = {isa = PBXBuildFile; fileRef = A66FDBD71A3E2DAC00DAAE13 /* GREButton.m */; };
		A66FDBDB1A3E715800DAAE13 /* UIUtils.m in Sources */ = {isa = PBXBuildFile; fileRef = A66FDBDA1A3E715800DAAE13 /* UIUtils.m */; };
		A66FDBDE1A3F33EE00DAAE13 /* GREButtonGroup.m in Sources */ = {isa = PBXBuildFile; fileRef = A66FDBDD1A3F33EE00DAAE13 /* GREButtonGroup.m */; };
		A66FDBE11A3F47B700DAAE13 /* SEViewController.m in Sources */ = {isa = PBXBuildFile; fileRef = A66FDBE01A3F47B700DAAE13 /* SEViewController.m */; };
		A66FDBE41A3F47E800DAAE13 /* SEAnswerView.m in Sources */ = {isa = PBXBuildFile; fileRef = A66FDBE31A3F47E800DAAE13 /* SEAnswerView.m */; };
		A678714C1A40909800AEE184 /* Article.png in Resources */ = {isa = PBXBuildFile; fileRef = A678714A1A40909800AEE184 /* Article.png */; };
		A678714D1A40909800AEE184 /* Question.png in Resources */ = {isa = PBXBuildFile; fileRef = A678714B1A40909800AEE184 /* Question.png */; };
		A67871501A4090C000AEE184 /* Article@2x.png in Resources */ = {isa = PBXBuildFile; fileRef = A678714E1A4090C000AEE184 /* Article@2x.png */; };
		A67871511A4090C000AEE184 /* Question@2x.png in Resources */ = {isa = PBXBuildFile; fileRef = A678714F1A4090C000AEE184 /* Question@2x.png */; };
		A67871541A4090EA00AEE184 /* Article@3x.png in Resources */ = {isa = PBXBuildFile; fileRef = A67871521A4090EA00AEE184 /* Article@3x.png */; };
		A67871551A4090EA00AEE184 /* Question@3x.png in Resources */ = {isa = PBXBuildFile; fileRef = A67871531A4090EA00AEE184 /* Question@3x.png */; };
		A67871581A40954100AEE184 /* Vocabulary.m in Sources */ = {isa = PBXBuildFile; fileRef = A67871571A40954100AEE184 /* Vocabulary.m */; };
		A678715B1A40961200AEE184 /* VocabViewController.m in Sources */ = {isa = PBXBuildFile; fileRef = A678715A1A40961200AEE184 /* VocabViewController.m */; };
		A678715E1A40BA6400AEE184 /* NavViewController.m in Sources */ = {isa = PBXBuildFile; fileRef = A678715D1A40BA6400AEE184 /* NavViewController.m */; };
		A67871621A40C2BD00AEE184 /* Next.png in Resources */ = {isa = PBXBuildFile; fileRef = A67871601A40C2BD00AEE184 /* Next.png */; };
		A67871631A40C2BD00AEE184 /* Previous.png in Resources */ = {isa = PBXBuildFile; fileRef = A67871611A40C2BD00AEE184 /* Previous.png */; };
		A67871661A40C2DC00AEE184 /* Next@2x.png in Resources */ = {isa = PBXBuildFile; fileRef = A67871641A40C2DC00AEE184 /* Next@2x.png */; };
		A67871671A40C2DC00AEE184 /* Previous@2x.png in Resources */ = {isa = PBXBuildFile; fileRef = A67871651A40C2DC00AEE184 /* Previous@2x.png */; };
		A678716E1A40C4AA00AEE184 /* ExamViewController.m in Sources */ = {isa = PBXBuildFile; fileRef = A678716D1A40C4AA00AEE184 /* ExamViewController.m */; };
		A67871701A40E24D00AEE184 /* iAd.framework in Frameworks */ = {isa = PBXBuildFile; fileRef = A678716F1A40E24D00AEE184 /* iAd.framework */; };
		A67871741A40E54A00AEE184 /* Mark.png in Resources */ = {isa = PBXBuildFile; fileRef = A67871731A40E54A00AEE184 /* Mark.png */; };
		A67871761A40E56100AEE184 /* Mark@2x.png in Resources */ = {isa = PBXBuildFile; fileRef = A67871751A40E56100AEE184 /* Mark@2x.png */; };
		A678717A1A40EE2A00AEE184 /* ExamTimer.m in Sources */ = {isa = PBXBuildFile; fileRef = A67871791A40EE2A00AEE184 /* ExamTimer.m */; };
		A678717E1A41173000AEE184 /* DataManager.m in Sources */ = {isa = PBXBuildFile; fileRef = A678717D1A41173000AEE184 /* DataManager.m */; };
		A678718B1A411FD000AEE184 /* VocabPlan.m in Sources */ = {isa = PBXBuildFile; fileRef = A678718A1A411FD000AEE184 /* VocabPlan.m */; };
		A678718E1A4122D200AEE184 /* ExamSuite.m in Sources */ = {isa = PBXBuildFile; fileRef = A678718D1A4122D200AEE184 /* ExamSuite.m */; };
		A67871911A42180700AEE184 /* ExamResultViewController.m in Sources */ = {isa = PBXBuildFile; fileRef = A67871901A42180700AEE184 /* ExamResultViewController.m */; };
		A67871931A421E6700AEE184 /* Result.png in Resources */ = {isa = PBXBuildFile; fileRef = A67871921A421E6700AEE184 /* Result.png */; };
		A67871951A421E7D00AEE184 /* Result@2x.png in Resources */ = {isa = PBXBuildFile; fileRef = A67871941A421E7D00AEE184 /* Result@2x.png */; };
		A678719A1A424B4E00AEE184 /* QuestionViewController.m in Sources */ = {isa = PBXBuildFile; fileRef = A67871991A424B4E00AEE184 /* QuestionViewController.m */; };
		A67871A01A427B2300AEE184 /* MessageViewController.m in Sources */ = {isa = PBXBuildFile; fileRef = A678719F1A427B2300AEE184 /* MessageViewController.m */; };
		A67871A71A429E0E00AEE184 /* WeakRef.m in Sources */ = {isa = PBXBuildFile; fileRef = A67871A61A429E0E00AEE184 /* WeakRef.m */; };
		A67871AB1A42B8F400AEE184 /* AdBannerSupport.m in Sources */ = {isa = PBXBuildFile; fileRef = A67871AA1A42B8F400AEE184 /* AdBannerSupport.m */; };
		A67871B41A43B9B300AEE184 /* MemoryAlgorithm.m in Sources */ = {isa = PBXBuildFile; fileRef = A67871B31A43B9B300AEE184 /* MemoryAlgorithm.m */; };
		A67871B71A43BAAE00AEE184 /* DateUtils.m in Sources */ = {isa = PBXBuildFile; fileRef = A67871B61A43BAAE00AEE184 /* DateUtils.m */; };
		A67871BA1A43C22B00AEE184 /* Settings.bundle in Resources */ = {isa = PBXBuildFile; fileRef = A67871B91A43C22B00AEE184 /* Settings.bundle */; };
		A67871BD1A43CF3800AEE184 /* SettingViewController.m in Sources */ = {isa = PBXBuildFile; fileRef = A67871BC1A43CF3800AEE184 /* SettingViewController.m */; };
		A67871C01A43E50D00AEE184 /* UserPreference.m in Sources */ = {isa = PBXBuildFile; fileRef = A67871BF1A43E50D00AEE184 /* UserPreference.m */; };
		A67871C41A44737C00AEE184 /* QuestionSetTest.m in Sources */ = {isa = PBXBuildFile; fileRef = A67871C31A44737C00AEE184 /* QuestionSetTest.m */; };
		A67871C61A4476CB00AEE184 /* VocabPlanTest.m in Sources */ = {isa = PBXBuildFile; fileRef = A67871C51A4476CB00AEE184 /* VocabPlanTest.m */; };
		A67871C81A44C99800AEE184 /* ExamSuiteTest.m in Sources */ = {isa = PBXBuildFile; fileRef = A67871C71A44C99800AEE184 /* ExamSuiteTest.m */; };
		A67871CB1A44ECBD00AEE184 /* Scorer.m in Sources */ = {isa = PBXBuildFile; fileRef = A67871CA1A44ECBD00AEE184 /* Scorer.m */; };
		A67871D11A45172C00AEE184 /* DataImporter.m in Sources */ = {isa = PBXBuildFile; fileRef = A67871D01A45172C00AEE184 /* DataImporter.m */; };
		A67871D41A45200200AEE184 /* DataModelTest.m in Sources */ = {isa = PBXBuildFile; fileRef = A67871D31A45200200AEE184 /* DataModelTest.m */; };
		A67871D71A4549E700AEE184 /* MemoryStore.m in Sources */ = {isa = PBXBuildFile; fileRef = A67871D61A4549E700AEE184 /* MemoryStore.m */; };
		A67871D91A4620C900AEE184 /* AVFoundation.framework in Frameworks */ = {isa = PBXBuildFile; fileRef = A67871D81A4620C900AEE184 /* AVFoundation.framework */; };
		A67871DB1A46260D00AEE184 /* Play@2x.png in Resources */ = {isa = PBXBuildFile; fileRef = A67871DA1A46260D00AEE184 /* Play@2x.png */; };
		A6A06F191A3F8D8C00D5F8D2 /* RCQViewController.m in Sources */ = {isa = PBXBuildFile; fileRef = A6A06F181A3F8D8C00D5F8D2 /* RCQViewController.m */; };
		A6A06F1C1A3F8DA000D5F8D2 /* RCAnswerView.m in Sources */ = {isa = PBXBuildFile; fileRef = A6A06F1B1A3F8DA000D5F8D2 /* RCAnswerView.m */; };
		A6A06F221A3FA13D00D5F8D2 /* RCAViewController.m in Sources */ = {isa = PBXBuildFile; fileRef = A6A06F211A3FA13D00D5F8D2 /* RCAViewController.m */; };
		A6A06F251A3FA17D00D5F8D2 /* RCViewController.m in Sources */ = {isa = PBXBuildFile; fileRef = A6A06F241A3FA17D00D5F8D2 /* RCViewController.m */; };
		A6A692161A3766E300414E73 /* main.m in Sources */ = {isa = PBXBuildFile; fileRef = A6A692151A3766E300414E73 /* main.m */; };
		A6A692191A3766E300414E73 /* AppDelegate.m in Sources */ = {isa = PBXBuildFile; fileRef = A6A692181A3766E300414E73 /* AppDelegate.m */; };
		A6A6921C1A3766E300414E73 /* GRE_Verbal_Practice.xcdatamodeld in Sources */ = {isa = PBXBuildFile; fileRef = A6A6921A1A3766E300414E73 /* GRE_Verbal_Practice.xcdatamodeld */; };
		A6A692251A3766E300414E73 /* iPhone.storyboard in Resources */ = {isa = PBXBuildFile; fileRef = A6A692231A3766E300414E73 /* iPhone.storyboard */; };
		A6A692271A3766E300414E73 /* Images.xcassets in Resources */ = {isa = PBXBuildFile; fileRef = A6A692261A3766E300414E73 /* Images.xcassets */; };
		A6A6922A1A3766E300414E73 /* LaunchScreen.xib in Resources */ = {isa = PBXBuildFile; fileRef = A6A692281A3766E300414E73 /* LaunchScreen.xib */; };
		A6A692421A376BAE00414E73 /* Question.m in Sources */ = {isa = PBXBuildFile; fileRef = A6A692411A376BAE00414E73 /* Question.m */; };
		A6A692451A376C3E00414E73 /* RCQuestion.m in Sources */ = {isa = PBXBuildFile; fileRef = A6A692441A376C3E00414E73 /* RCQuestion.m */; };
		A6A692481A376C8700414E73 /* TCQuestion.m in Sources */ = {isa = PBXBuildFile; fileRef = A6A692471A376C8700414E73 /* TCQuestion.m */; };
		A6A6924B1A376CA400414E73 /* SEQuestion.m in Sources */ = {isa = PBXBuildFile; fileRef = A6A6924A1A376CA400414E73 /* SEQuestion.m */; };
		A6A6924F1A376F2A00414E73 /* RCMSQuestion.m in Sources */ = {isa = PBXBuildFile; fileRef = A6A6924E1A376F2A00414E73 /* RCMSQuestion.m */; };
		A6A692521A376FC500414E73 /* RCCSQuestion.m in Sources */ = {isa = PBXBuildFile; fileRef = A6A692511A376FC400414E73 /* RCCSQuestion.m */; };
		A6A692551A37705B00414E73 /* RCText.m in Sources */ = {isa = PBXBuildFile; fileRef = A6A692541A37705B00414E73 /* RCText.m */; };
		A6A692581A3770DA00414E73 /* QuestionSet.m in Sources */ = {isa = PBXBuildFile; fileRef = A6A692571A3770DA00414E73 /* QuestionSet.m */; };
		A6A6925B1A37759F00414E73 /* MainViewController.m in Sources */ = {isa = PBXBuildFile; fileRef = A6A6925A1A37759F00414E73 /* MainViewController.m */; };
		A6A692631A37856000414E73 /* TCViewController.m in Sources */ = {isa = PBXBuildFile; fileRef = A6A692621A37856000414E73 /* TCViewController.m */; };
		A6A692671A3788A700414E73 /* GRERadioButton.m in Sources */ = {isa = PBXBuildFile; fileRef = A6A692661A3788A700414E73 /* GRERadioButton.m */; };
		A6A6926A1A3788B800414E73 /* GREChoiceBox.m in Sources */ = {isa = PBXBuildFile; fileRef = A6A692691A3788B800414E73 /* GREChoiceBox.m */; };
		A6A8B87C1A37C1E60096BCAB /* iPad.storyboard in Resources */ = {isa = PBXBuildFile; fileRef = A6A8B87A1A37C1E60096BCAB /* iPad.storyboard */; };
/* End PBXBuildFile section */

/* Begin PBXContainerItemProxy section */
		A6A692301A3766E300414E73 /* PBXContainerItemProxy */ = {
			isa = PBXContainerItemProxy;
			containerPortal = A6A692081A3766E300414E73 /* Project object */;
			proxyType = 1;
			remoteGlobalIDString = A6A6920F1A3766E300414E73;
			remoteInfo = "GRE Verbal Practice";
		};
/* End PBXContainerItemProxy section */

/* Begin PBXFileReference section */
		A66FDBD01A3E20E200DAAE13 /* TCAnswerView.h */ = {isa = PBXFileReference; fileEncoding = 4; lastKnownFileType = sourcecode.c.h; path = TCAnswerView.h; sourceTree = "<group>"; };
		A66FDBD11A3E20E200DAAE13 /* TCAnswerView.m */ = {isa = PBXFileReference; fileEncoding = 4; lastKnownFileType = sourcecode.c.objc; path = TCAnswerView.m; sourceTree = "<group>"; };
		A66FDBD31A3E2D2B00DAAE13 /* GRETextButton.h */ = {isa = PBXFileReference; fileEncoding = 4; lastKnownFileType = sourcecode.c.h; path = GRETextButton.h; sourceTree = "<group>"; };
		A66FDBD41A3E2D2B00DAAE13 /* GRETextButton.m */ = {isa = PBXFileReference; fileEncoding = 4; lastKnownFileType = sourcecode.c.objc; path = GRETextButton.m; sourceTree = "<group>"; };
		A66FDBD61A3E2DAC00DAAE13 /* GREButton.h */ = {isa = PBXFileReference; fileEncoding = 4; lastKnownFileType = sourcecode.c.h; path = GREButton.h; sourceTree = "<group>"; };
		A66FDBD71A3E2DAC00DAAE13 /* GREButton.m */ = {isa = PBXFileReference; fileEncoding = 4; lastKnownFileType = sourcecode.c.objc; path = GREButton.m; sourceTree = "<group>"; };
		A66FDBD91A3E715800DAAE13 /* UIUtils.h */ = {isa = PBXFileReference; fileEncoding = 4; lastKnownFileType = sourcecode.c.h; path = UIUtils.h; sourceTree = "<group>"; };
		A66FDBDA1A3E715800DAAE13 /* UIUtils.m */ = {isa = PBXFileReference; fileEncoding = 4; lastKnownFileType = sourcecode.c.objc; path = UIUtils.m; sourceTree = "<group>"; };
		A66FDBDC1A3F33EE00DAAE13 /* GREButtonGroup.h */ = {isa = PBXFileReference; fileEncoding = 4; lastKnownFileType = sourcecode.c.h; path = GREButtonGroup.h; sourceTree = "<group>"; };
		A66FDBDD1A3F33EE00DAAE13 /* GREButtonGroup.m */ = {isa = PBXFileReference; fileEncoding = 4; lastKnownFileType = sourcecode.c.objc; path = GREButtonGroup.m; sourceTree = "<group>"; };
		A66FDBDF1A3F47B700DAAE13 /* SEViewController.h */ = {isa = PBXFileReference; fileEncoding = 4; lastKnownFileType = sourcecode.c.h; path = SEViewController.h; sourceTree = "<group>"; };
		A66FDBE01A3F47B700DAAE13 /* SEViewController.m */ = {isa = PBXFileReference; fileEncoding = 4; lastKnownFileType = sourcecode.c.objc; path = SEViewController.m; sourceTree = "<group>"; };
		A66FDBE21A3F47E800DAAE13 /* SEAnswerView.h */ = {isa = PBXFileReference; fileEncoding = 4; lastKnownFileType = sourcecode.c.h; path = SEAnswerView.h; sourceTree = "<group>"; };
		A66FDBE31A3F47E800DAAE13 /* SEAnswerView.m */ = {isa = PBXFileReference; fileEncoding = 4; lastKnownFileType = sourcecode.c.objc; path = SEAnswerView.m; sourceTree = "<group>"; };
		A678714A1A40909800AEE184 /* Article.png */ = {isa = PBXFileReference; lastKnownFileType = image.png; path = Article.png; sourceTree = "<group>"; };
		A678714B1A40909800AEE184 /* Question.png */ = {isa = PBXFileReference; lastKnownFileType = image.png; path = Question.png; sourceTree = "<group>"; };
		A678714E1A4090C000AEE184 /* Article@2x.png */ = {isa = PBXFileReference; lastKnownFileType = image.png; path = "Article@2x.png"; sourceTree = "<group>"; };
		A678714F1A4090C000AEE184 /* Question@2x.png */ = {isa = PBXFileReference; lastKnownFileType = image.png; path = "Question@2x.png"; sourceTree = "<group>"; };
		A67871521A4090EA00AEE184 /* Article@3x.png */ = {isa = PBXFileReference; lastKnownFileType = image.png; path = "Article@3x.png"; sourceTree = "<group>"; };
		A67871531A4090EA00AEE184 /* Question@3x.png */ = {isa = PBXFileReference; lastKnownFileType = image.png; path = "Question@3x.png"; sourceTree = "<group>"; };
		A67871561A40954100AEE184 /* Vocabulary.h */ = {isa = PBXFileReference; fileEncoding = 4; lastKnownFileType = sourcecode.c.h; path = Vocabulary.h; sourceTree = "<group>"; };
		A67871571A40954100AEE184 /* Vocabulary.m */ = {isa = PBXFileReference; fileEncoding = 4; lastKnownFileType = sourcecode.c.objc; path = Vocabulary.m; sourceTree = "<group>"; };
		A67871591A40961200AEE184 /* VocabViewController.h */ = {isa = PBXFileReference; fileEncoding = 4; lastKnownFileType = sourcecode.c.h; path = VocabViewController.h; sourceTree = "<group>"; };
		A678715A1A40961200AEE184 /* VocabViewController.m */ = {isa = PBXFileReference; fileEncoding = 4; lastKnownFileType = sourcecode.c.objc; path = VocabViewController.m; sourceTree = "<group>"; };
		A678715C1A40BA6400AEE184 /* NavViewController.h */ = {isa = PBXFileReference; fileEncoding = 4; lastKnownFileType = sourcecode.c.h; path = NavViewController.h; sourceTree = "<group>"; };
		A678715D1A40BA6400AEE184 /* NavViewController.m */ = {isa = PBXFileReference; fileEncoding = 4; lastKnownFileType = sourcecode.c.objc; path = NavViewController.m; sourceTree = "<group>"; };
		A67871601A40C2BD00AEE184 /* Next.png */ = {isa = PBXFileReference; lastKnownFileType = image.png; path = Next.png; sourceTree = "<group>"; };
		A67871611A40C2BD00AEE184 /* Previous.png */ = {isa = PBXFileReference; lastKnownFileType = image.png; path = Previous.png; sourceTree = "<group>"; };
		A67871641A40C2DC00AEE184 /* Next@2x.png */ = {isa = PBXFileReference; lastKnownFileType = image.png; path = "Next@2x.png"; sourceTree = "<group>"; };
		A67871651A40C2DC00AEE184 /* Previous@2x.png */ = {isa = PBXFileReference; lastKnownFileType = image.png; path = "Previous@2x.png"; sourceTree = "<group>"; };
		A678716C1A40C4AA00AEE184 /* ExamViewController.h */ = {isa = PBXFileReference; fileEncoding = 4; lastKnownFileType = sourcecode.c.h; path = ExamViewController.h; sourceTree = "<group>"; };
		A678716D1A40C4AA00AEE184 /* ExamViewController.m */ = {isa = PBXFileReference; fileEncoding = 4; lastKnownFileType = sourcecode.c.objc; path = ExamViewController.m; sourceTree = "<group>"; };
		A678716F1A40E24D00AEE184 /* iAd.framework */ = {isa = PBXFileReference; lastKnownFileType = wrapper.framework; name = iAd.framework; path = System/Library/Frameworks/iAd.framework; sourceTree = SDKROOT; };
		A67871731A40E54A00AEE184 /* Mark.png */ = {isa = PBXFileReference; lastKnownFileType = image.png; name = Mark.png; path = ../../../Downloads/iOS7_icons_free/PNG/32/Very_Basic/Mark.png; sourceTree = "<group>"; };
		A67871751A40E56100AEE184 /* Mark@2x.png */ = {isa = PBXFileReference; lastKnownFileType = image.png; name = "Mark@2x.png"; path = "../../../Downloads/iOS7_icons_free/PNG/50/Very_Basic/Mark@2x.png"; sourceTree = "<group>"; };
		A67871781A40EE2A00AEE184 /* ExamTimer.h */ = {isa = PBXFileReference; fileEncoding = 4; lastKnownFileType = sourcecode.c.h; path = ExamTimer.h; sourceTree = "<group>"; };
		A67871791A40EE2A00AEE184 /* ExamTimer.m */ = {isa = PBXFileReference; fileEncoding = 4; lastKnownFileType = sourcecode.c.objc; path = ExamTimer.m; sourceTree = "<group>"; };
		A678717C1A41173000AEE184 /* DataManager.h */ = {isa = PBXFileReference; fileEncoding = 4; lastKnownFileType = sourcecode.c.h; path = DataManager.h; sourceTree = "<group>"; };
		A678717D1A41173000AEE184 /* DataManager.m */ = {isa = PBXFileReference; fileEncoding = 4; lastKnownFileType = sourcecode.c.objc; path = DataManager.m; sourceTree = "<group>"; };
		A67871891A411FD000AEE184 /* VocabPlan.h */ = {isa = PBXFileReference; fileEncoding = 4; lastKnownFileType = sourcecode.c.h; path = VocabPlan.h; sourceTree = "<group>"; };
		A678718A1A411FD000AEE184 /* VocabPlan.m */ = {isa = PBXFileReference; fileEncoding = 4; lastKnownFileType = sourcecode.c.objc; path = VocabPlan.m; sourceTree = "<group>"; };
		A678718C1A4122D200AEE184 /* ExamSuite.h */ = {isa = PBXFileReference; fileEncoding = 4; lastKnownFileType = sourcecode.c.h; path = ExamSuite.h; sourceTree = "<group>"; };
		A678718D1A4122D200AEE184 /* ExamSuite.m */ = {isa = PBXFileReference; fileEncoding = 4; lastKnownFileType = sourcecode.c.objc; path = ExamSuite.m; sourceTree = "<group>"; };
		A678718F1A42180700AEE184 /* ExamResultViewController.h */ = {isa = PBXFileReference; fileEncoding = 4; lastKnownFileType = sourcecode.c.h; path = ExamResultViewController.h; sourceTree = "<group>"; };
		A67871901A42180700AEE184 /* ExamResultViewController.m */ = {isa = PBXFileReference; fileEncoding = 4; lastKnownFileType = sourcecode.c.objc; path = ExamResultViewController.m; sourceTree = "<group>"; };
		A67871921A421E6700AEE184 /* Result.png */ = {isa = PBXFileReference; lastKnownFileType = image.png; name = Result.png; path = ../../../Downloads/iOS7_icons_free/PNG/32/User_Interface/Result.png; sourceTree = "<group>"; };
		A67871941A421E7D00AEE184 /* Result@2x.png */ = {isa = PBXFileReference; lastKnownFileType = image.png; name = "Result@2x.png"; path = "../../../Downloads/iOS7_icons_free/PNG/50/User_Interface/Result@2x.png"; sourceTree = "<group>"; };
		A67871981A424B4E00AEE184 /* QuestionViewController.h */ = {isa = PBXFileReference; fileEncoding = 4; lastKnownFileType = sourcecode.c.h; path = QuestionViewController.h; sourceTree = "<group>"; };
		A67871991A424B4E00AEE184 /* QuestionViewController.m */ = {isa = PBXFileReference; fileEncoding = 4; lastKnownFileType = sourcecode.c.objc; path = QuestionViewController.m; sourceTree = "<group>"; };
		A678719D1A42617100AEE184 /* QViewController.h */ = {isa = PBXFileReference; lastKnownFileType = sourcecode.c.h; path = QViewController.h; sourceTree = "<group>"; };
		A678719E1A427B2300AEE184 /* MessageViewController.h */ = {isa = PBXFileReference; fileEncoding = 4; lastKnownFileType = sourcecode.c.h; path = MessageViewController.h; sourceTree = "<group>"; };
		A678719F1A427B2300AEE184 /* MessageViewController.m */ = {isa = PBXFileReference; fileEncoding = 4; lastKnownFileType = sourcecode.c.objc; path = MessageViewController.m; sourceTree = "<group>"; };
		A67871A11A42949400AEE184 /* AnswerListener.h */ = {isa = PBXFileReference; lastKnownFileType = sourcecode.c.h; path = AnswerListener.h; sourceTree = "<group>"; };
		A67871A51A429E0E00AEE184 /* WeakRef.h */ = {isa = PBXFileReference; fileEncoding = 4; lastKnownFileType = sourcecode.c.h; path = WeakRef.h; sourceTree = "<group>"; };
		A67871A61A429E0E00AEE184 /* WeakRef.m */ = {isa = PBXFileReference; fileEncoding = 4; lastKnownFileType = sourcecode.c.objc; path = WeakRef.m; sourceTree = "<group>"; };
		A67871A91A42B8F400AEE184 /* AdBannerSupport.h */ = {isa = PBXFileReference; fileEncoding = 4; lastKnownFileType = sourcecode.c.h; path = AdBannerSupport.h; sourceTree = "<group>"; };
		A67871AA1A42B8F400AEE184 /* AdBannerSupport.m */ = {isa = PBXFileReference; fileEncoding = 4; lastKnownFileType = sourcecode.c.objc; path = AdBannerSupport.m; sourceTree = "<group>"; };
		A67871B21A43B9B300AEE184 /* MemoryAlgorithm.h */ = {isa = PBXFileReference; fileEncoding = 4; lastKnownFileType = sourcecode.c.h; path = MemoryAlgorithm.h; sourceTree = "<group>"; };
		A67871B31A43B9B300AEE184 /* MemoryAlgorithm.m */ = {isa = PBXFileReference; fileEncoding = 4; lastKnownFileType = sourcecode.c.objc; path = MemoryAlgorithm.m; sourceTree = "<group>"; };
		A67871B51A43BAAE00AEE184 /* DateUtils.h */ = {isa = PBXFileReference; fileEncoding = 4; lastKnownFileType = sourcecode.c.h; path = DateUtils.h; sourceTree = "<group>"; };
		A67871B61A43BAAE00AEE184 /* DateUtils.m */ = {isa = PBXFileReference; fileEncoding = 4; lastKnownFileType = sourcecode.c.objc; path = DateUtils.m; sourceTree = "<group>"; };
		A67871B91A43C22B00AEE184 /* Settings.bundle */ = {isa = PBXFileReference; lastKnownFileType = "wrapper.plug-in"; path = Settings.bundle; sourceTree = "<group>"; };
		A67871BB1A43CF3800AEE184 /* SettingViewController.h */ = {isa = PBXFileReference; fileEncoding = 4; lastKnownFileType = sourcecode.c.h; path = SettingViewController.h; sourceTree = "<group>"; };
		A67871BC1A43CF3800AEE184 /* SettingViewController.m */ = {isa = PBXFileReference; fileEncoding = 4; lastKnownFileType = sourcecode.c.objc; path = SettingViewController.m; sourceTree = "<group>"; };
		A67871BE1A43E50D00AEE184 /* UserPreference.h */ = {isa = PBXFileReference; fileEncoding = 4; lastKnownFileType = sourcecode.c.h; path = UserPreference.h; sourceTree = "<group>"; };
		A67871BF1A43E50D00AEE184 /* UserPreference.m */ = {isa = PBXFileReference; fileEncoding = 4; lastKnownFileType = sourcecode.c.objc; path = UserPreference.m; sourceTree = "<group>"; };
		A67871C31A44737C00AEE184 /* QuestionSetTest.m */ = {isa = PBXFileReference; fileEncoding = 4; lastKnownFileType = sourcecode.c.objc; path = QuestionSetTest.m; sourceTree = "<group>"; };
		A67871C51A4476CB00AEE184 /* VocabPlanTest.m */ = {isa = PBXFileReference; fileEncoding = 4; lastKnownFileType = sourcecode.c.objc; path = VocabPlanTest.m; sourceTree = "<group>"; };
		A67871C71A44C99800AEE184 /* ExamSuiteTest.m */ = {isa = PBXFileReference; fileEncoding = 4; lastKnownFileType = sourcecode.c.objc; path = ExamSuiteTest.m; sourceTree = "<group>"; };
		A67871C91A44ECBD00AEE184 /* Scorer.h */ = {isa = PBXFileReference; fileEncoding = 4; lastKnownFileType = sourcecode.c.h; path = Scorer.h; sourceTree = "<group>"; };
		A67871CA1A44ECBD00AEE184 /* Scorer.m */ = {isa = PBXFileReference; fileEncoding = 4; lastKnownFileType = sourcecode.c.objc; path = Scorer.m; sourceTree = "<group>"; };
		A67871CF1A45172C00AEE184 /* DataImporter.h */ = {isa = PBXFileReference; fileEncoding = 4; lastKnownFileType = sourcecode.c.h; path = DataImporter.h; sourceTree = "<group>"; };
		A67871D01A45172C00AEE184 /* DataImporter.m */ = {isa = PBXFileReference; fileEncoding = 4; lastKnownFileType = sourcecode.c.objc; path = DataImporter.m; sourceTree = "<group>"; };
		A67871D31A45200200AEE184 /* DataModelTest.m */ = {isa = PBXFileReference; fileEncoding = 4; lastKnownFileType = sourcecode.c.objc; path = DataModelTest.m; sourceTree = "<group>"; };
		A67871D51A4549E700AEE184 /* MemoryStore.h */ = {isa = PBXFileReference; fileEncoding = 4; lastKnownFileType = sourcecode.c.h; path = MemoryStore.h; sourceTree = "<group>"; };
		A67871D61A4549E700AEE184 /* MemoryStore.m */ = {isa = PBXFileReference; fileEncoding = 4; lastKnownFileType = sourcecode.c.objc; path = MemoryStore.m; sourceTree = "<group>"; };
		A67871D81A4620C900AEE184 /* AVFoundation.framework */ = {isa = PBXFileReference; lastKnownFileType = wrapper.framework; name = AVFoundation.framework; path = System/Library/Frameworks/AVFoundation.framework; sourceTree = SDKROOT; };
		A67871DA1A46260D00AEE184 /* Play@2x.png */ = {isa = PBXFileReference; lastKnownFileType = image.png; path = "Play@2x.png"; sourceTree = "<group>"; };
		A6A06F171A3F8D8C00D5F8D2 /* RCQViewController.h */ = {isa = PBXFileReference; fileEncoding = 4; lastKnownFileType = sourcecode.c.h; path = RCQViewController.h; sourceTree = "<group>"; };
		A6A06F181A3F8D8C00D5F8D2 /* RCQViewController.m */ = {isa = PBXFileReference; fileEncoding = 4; lastKnownFileType = sourcecode.c.objc; path = RCQViewController.m; sourceTree = "<group>"; };
		A6A06F1A1A3F8DA000D5F8D2 /* RCAnswerView.h */ = {isa = PBXFileReference; fileEncoding = 4; lastKnownFileType = sourcecode.c.h; path = RCAnswerView.h; sourceTree = "<group>"; };
		A6A06F1B1A3F8DA000D5F8D2 /* RCAnswerView.m */ = {isa = PBXFileReference; fileEncoding = 4; lastKnownFileType = sourcecode.c.objc; path = RCAnswerView.m; sourceTree = "<group>"; };
		A6A06F201A3FA13D00D5F8D2 /* RCAViewController.h */ = {isa = PBXFileReference; fileEncoding = 4; lastKnownFileType = sourcecode.c.h; path = RCAViewController.h; sourceTree = "<group>"; };
		A6A06F211A3FA13D00D5F8D2 /* RCAViewController.m */ = {isa = PBXFileReference; fileEncoding = 4; lastKnownFileType = sourcecode.c.objc; path = RCAViewController.m; sourceTree = "<group>"; };
		A6A06F231A3FA17D00D5F8D2 /* RCViewController.h */ = {isa = PBXFileReference; fileEncoding = 4; lastKnownFileType = sourcecode.c.h; path = RCViewController.h; sourceTree = "<group>"; };
		A6A06F241A3FA17D00D5F8D2 /* RCViewController.m */ = {isa = PBXFileReference; fileEncoding = 4; lastKnownFileType = sourcecode.c.objc; path = RCViewController.m; sourceTree = "<group>"; };
		A6A692101A3766E300414E73 /* GRE Verbal Practice.app */ = {isa = PBXFileReference; explicitFileType = wrapper.application; includeInIndex = 0; path = "GRE Verbal Practice.app"; sourceTree = BUILT_PRODUCTS_DIR; };
		A6A692141A3766E300414E73 /* Info.plist */ = {isa = PBXFileReference; lastKnownFileType = text.plist.xml; path = Info.plist; sourceTree = "<group>"; };
		A6A692151A3766E300414E73 /* main.m */ = {isa = PBXFileReference; lastKnownFileType = sourcecode.c.objc; path = main.m; sourceTree = "<group>"; };
		A6A692171A3766E300414E73 /* AppDelegate.h */ = {isa = PBXFileReference; lastKnownFileType = sourcecode.c.h; path = AppDelegate.h; sourceTree = "<group>"; };
		A6A692181A3766E300414E73 /* AppDelegate.m */ = {isa = PBXFileReference; lastKnownFileType = sourcecode.c.objc; path = AppDelegate.m; sourceTree = "<group>"; };
		A6A6921B1A3766E300414E73 /* GRE_Verbal_Practice.xcdatamodel */ = {isa = PBXFileReference; lastKnownFileType = wrapper.xcdatamodel; path = GRE_Verbal_Practice.xcdatamodel; sourceTree = "<group>"; };
		A6A692241A3766E300414E73 /* Base */ = {isa = PBXFileReference; lastKnownFileType = file.storyboard; name = Base; path = Base.lproj/iPhone.storyboard; sourceTree = "<group>"; };
		A6A692261A3766E300414E73 /* Images.xcassets */ = {isa = PBXFileReference; lastKnownFileType = folder.assetcatalog; path = Images.xcassets; sourceTree = "<group>"; };
		A6A692291A3766E300414E73 /* Base */ = {isa = PBXFileReference; lastKnownFileType = file.xib; name = Base; path = Base.lproj/LaunchScreen.xib; sourceTree = "<group>"; };
		A6A6922F1A3766E300414E73 /* GRE Verbal PracticeTests.xctest */ = {isa = PBXFileReference; explicitFileType = wrapper.cfbundle; includeInIndex = 0; path = "GRE Verbal PracticeTests.xctest"; sourceTree = BUILT_PRODUCTS_DIR; };
		A6A692341A3766E300414E73 /* Info.plist */ = {isa = PBXFileReference; lastKnownFileType = text.plist.xml; path = Info.plist; sourceTree = "<group>"; };
		A6A692401A376BAE00414E73 /* Question.h */ = {isa = PBXFileReference; fileEncoding = 4; lastKnownFileType = sourcecode.c.h; path = Question.h; sourceTree = "<group>"; };
		A6A692411A376BAE00414E73 /* Question.m */ = {isa = PBXFileReference; fileEncoding = 4; lastKnownFileType = sourcecode.c.objc; path = Question.m; sourceTree = "<group>"; };
		A6A692431A376C3E00414E73 /* RCQuestion.h */ = {isa = PBXFileReference; fileEncoding = 4; lastKnownFileType = sourcecode.c.h; path = RCQuestion.h; sourceTree = "<group>"; };
		A6A692441A376C3E00414E73 /* RCQuestion.m */ = {isa = PBXFileReference; fileEncoding = 4; lastKnownFileType = sourcecode.c.objc; path = RCQuestion.m; sourceTree = "<group>"; };
		A6A692461A376C8700414E73 /* TCQuestion.h */ = {isa = PBXFileReference; fileEncoding = 4; lastKnownFileType = sourcecode.c.h; path = TCQuestion.h; sourceTree = "<group>"; };
		A6A692471A376C8700414E73 /* TCQuestion.m */ = {isa = PBXFileReference; fileEncoding = 4; lastKnownFileType = sourcecode.c.objc; path = TCQuestion.m; sourceTree = "<group>"; };
		A6A692491A376CA400414E73 /* SEQuestion.h */ = {isa = PBXFileReference; fileEncoding = 4; lastKnownFileType = sourcecode.c.h; path = SEQuestion.h; sourceTree = "<group>"; };
		A6A6924A1A376CA400414E73 /* SEQuestion.m */ = {isa = PBXFileReference; fileEncoding = 4; lastKnownFileType = sourcecode.c.objc; path = SEQuestion.m; sourceTree = "<group>"; };
		A6A6924D1A376F2A00414E73 /* RCMSQuestion.h */ = {isa = PBXFileReference; fileEncoding = 4; lastKnownFileType = sourcecode.c.h; path = RCMSQuestion.h; sourceTree = "<group>"; };
		A6A6924E1A376F2A00414E73 /* RCMSQuestion.m */ = {isa = PBXFileReference; fileEncoding = 4; lastKnownFileType = sourcecode.c.objc; path = RCMSQuestion.m; sourceTree = "<group>"; };
		A6A692501A376FC400414E73 /* RCCSQuestion.h */ = {isa = PBXFileReference; fileEncoding = 4; lastKnownFileType = sourcecode.c.h; path = RCCSQuestion.h; sourceTree = "<group>"; };
		A6A692511A376FC400414E73 /* RCCSQuestion.m */ = {isa = PBXFileReference; fileEncoding = 4; lastKnownFileType = sourcecode.c.objc; path = RCCSQuestion.m; sourceTree = "<group>"; };
		A6A692531A37705B00414E73 /* RCText.h */ = {isa = PBXFileReference; fileEncoding = 4; lastKnownFileType = sourcecode.c.h; path = RCText.h; sourceTree = "<group>"; };
		A6A692541A37705B00414E73 /* RCText.m */ = {isa = PBXFileReference; fileEncoding = 4; lastKnownFileType = sourcecode.c.objc; path = RCText.m; sourceTree = "<group>"; };
		A6A692561A3770DA00414E73 /* QuestionSet.h */ = {isa = PBXFileReference; fileEncoding = 4; lastKnownFileType = sourcecode.c.h; path = QuestionSet.h; sourceTree = "<group>"; };
		A6A692571A3770DA00414E73 /* QuestionSet.m */ = {isa = PBXFileReference; fileEncoding = 4; lastKnownFileType = sourcecode.c.objc; path = QuestionSet.m; sourceTree = "<group>"; };
		A6A692591A37759F00414E73 /* MainViewController.h */ = {isa = PBXFileReference; fileEncoding = 4; lastKnownFileType = sourcecode.c.h; path = MainViewController.h; sourceTree = "<group>"; };
		A6A6925A1A37759F00414E73 /* MainViewController.m */ = {isa = PBXFileReference; fileEncoding = 4; lastKnownFileType = sourcecode.c.objc; path = MainViewController.m; sourceTree = "<group>"; };
		A6A692611A37856000414E73 /* TCViewController.h */ = {isa = PBXFileReference; fileEncoding = 4; lastKnownFileType = sourcecode.c.h; path = TCViewController.h; sourceTree = "<group>"; };
		A6A692621A37856000414E73 /* TCViewController.m */ = {isa = PBXFileReference; fileEncoding = 4; lastKnownFileType = sourcecode.c.objc; path = TCViewController.m; sourceTree = "<group>"; };
		A6A692651A3788A700414E73 /* GRERadioButton.h */ = {isa = PBXFileReference; fileEncoding = 4; lastKnownFileType = sourcecode.c.h; path = GRERadioButton.h; sourceTree = "<group>"; };
		A6A692661A3788A700414E73 /* GRERadioButton.m */ = {isa = PBXFileReference; fileEncoding = 4; lastKnownFileType = sourcecode.c.objc; path = GRERadioButton.m; sourceTree = "<group>"; };
		A6A692681A3788B800414E73 /* GREChoiceBox.h */ = {isa = PBXFileReference; fileEncoding = 4; lastKnownFileType = sourcecode.c.h; path = GREChoiceBox.h; sourceTree = "<group>"; };
		A6A692691A3788B800414E73 /* GREChoiceBox.m */ = {isa = PBXFileReference; fileEncoding = 4; lastKnownFileType = sourcecode.c.objc; path = GREChoiceBox.m; sourceTree = "<group>"; };
		A6A8B87B1A37C1E60096BCAB /* Base */ = {isa = PBXFileReference; lastKnownFileType = file.storyboard; name = Base; path = "GRE Verbal Practice/Base.lproj/iPad.storyboard"; sourceTree = "<group>"; };
/* End PBXFileReference section */

/* Begin PBXFrameworksBuildPhase section */
		A6A6920D1A3766E300414E73 /* Frameworks */ = {
			isa = PBXFrameworksBuildPhase;
			buildActionMask = 2147483647;
			files = (
				A67871D91A4620C900AEE184 /* AVFoundation.framework in Frameworks */,
				A67871701A40E24D00AEE184 /* iAd.framework in Frameworks */,
			);
			runOnlyForDeploymentPostprocessing = 0;
		};
		A6A6922C1A3766E300414E73 /* Frameworks */ = {
			isa = PBXFrameworksBuildPhase;
			buildActionMask = 2147483647;
			files = (
			);
			runOnlyForDeploymentPostprocessing = 0;
		};
/* End PBXFrameworksBuildPhase section */

/* Begin PBXGroup section */
		A67871771A40EB4F00AEE184 /* util */ = {
			isa = PBXGroup;
			children = (
				A67871B51A43BAAE00AEE184 /* DateUtils.h */,
				A67871B61A43BAAE00AEE184 /* DateUtils.m */,
			);
			name = util;
			sourceTree = "<group>";
		};
		A678717B1A4116A600AEE184 /* persist */ = {
			isa = PBXGroup;
			children = (
				A678717C1A41173000AEE184 /* DataManager.h */,
				A678717D1A41173000AEE184 /* DataManager.m */,
				A67871CF1A45172C00AEE184 /* DataImporter.h */,
				A67871D01A45172C00AEE184 /* DataImporter.m */,
			);
			name = persist;
			sourceTree = "<group>";
		};
		A678717F1A4118C800AEE184 /* studyplan */ = {
			isa = PBXGroup;
			children = (
				A6A692561A3770DA00414E73 /* QuestionSet.h */,
				A6A692571A3770DA00414E73 /* QuestionSet.m */,
				A67871891A411FD000AEE184 /* VocabPlan.h */,
				A678718A1A411FD000AEE184 /* VocabPlan.m */,
				A678718C1A4122D200AEE184 /* ExamSuite.h */,
				A678718D1A4122D200AEE184 /* ExamSuite.m */,
				A67871C91A44ECBD00AEE184 /* Scorer.h */,
				A67871CA1A44ECBD00AEE184 /* Scorer.m */,
			);
			name = studyplan;
			sourceTree = "<group>";
		};
		A67871801A4118DD00AEE184 /* control */ = {
			isa = PBXGroup;
			children = (
				A66FDBD61A3E2DAC00DAAE13 /* GREButton.h */,
				A66FDBD71A3E2DAC00DAAE13 /* GREButton.m */,
				A66FDBDC1A3F33EE00DAAE13 /* GREButtonGroup.h */,
				A66FDBDD1A3F33EE00DAAE13 /* GREButtonGroup.m */,
				A6A692651A3788A700414E73 /* GRERadioButton.h */,
				A6A692661A3788A700414E73 /* GRERadioButton.m */,
				A6A692681A3788B800414E73 /* GREChoiceBox.h */,
				A6A692691A3788B800414E73 /* GREChoiceBox.m */,
				A66FDBD31A3E2D2B00DAAE13 /* GRETextButton.h */,
				A66FDBD41A3E2D2B00DAAE13 /* GRETextButton.m */,
				A66FDBD91A3E715800DAAE13 /* UIUtils.h */,
				A66FDBDA1A3E715800DAAE13 /* UIUtils.m */,
			);
			name = control;
			sourceTree = "<group>";
		};
		A67871811A41190D00AEE184 /* domain */ = {
			isa = PBXGroup;
			children = (
				A678717B1A4116A600AEE184 /* persist */,
				A678717F1A4118C800AEE184 /* studyplan */,
				A6A6923F1A376B2200414E73 /* model */,
			);
			name = domain;
			sourceTree = "<group>";
		};
		A678719B1A4258D000AEE184 /* question */ = {
			isa = PBXGroup;
			children = (
				A6A692611A37856000414E73 /* TCViewController.h */,
				A6A692621A37856000414E73 /* TCViewController.m */,
				A66FDBD01A3E20E200DAAE13 /* TCAnswerView.h */,
				A66FDBD11A3E20E200DAAE13 /* TCAnswerView.m */,
				A66FDBDF1A3F47B700DAAE13 /* SEViewController.h */,
				A66FDBE01A3F47B700DAAE13 /* SEViewController.m */,
				A66FDBE21A3F47E800DAAE13 /* SEAnswerView.h */,
				A66FDBE31A3F47E800DAAE13 /* SEAnswerView.m */,
				A6A06F231A3FA17D00D5F8D2 /* RCViewController.h */,
				A6A06F241A3FA17D00D5F8D2 /* RCViewController.m */,
				A6A06F171A3F8D8C00D5F8D2 /* RCQViewController.h */,
				A6A06F181A3F8D8C00D5F8D2 /* RCQViewController.m */,
				A6A06F1A1A3F8DA000D5F8D2 /* RCAnswerView.h */,
				A6A06F1B1A3F8DA000D5F8D2 /* RCAnswerView.m */,
				A6A06F201A3FA13D00D5F8D2 /* RCAViewController.h */,
				A6A06F211A3FA13D00D5F8D2 /* RCAViewController.m */,
				A678719D1A42617100AEE184 /* QViewController.h */,
				A678719E1A427B2300AEE184 /* MessageViewController.h */,
				A678719F1A427B2300AEE184 /* MessageViewController.m */,
				A67871A11A42949400AEE184 /* AnswerListener.h */,
			);
			name = question;
			sourceTree = "<group>";
		};
		A67871A81A42B8DC00AEE184 /* support */ = {
			isa = PBXGroup;
			children = (
				A67871781A40EE2A00AEE184 /* ExamTimer.h */,
				A67871791A40EE2A00AEE184 /* ExamTimer.m */,
				A67871A91A42B8F400AEE184 /* AdBannerSupport.h */,
				A67871AA1A42B8F400AEE184 /* AdBannerSupport.m */,
			);
			name = support;
			sourceTree = "<group>";
		};
		A67871AC1A43865700AEE184 /* voc */ = {
			isa = PBXGroup;
			children = (
				A67871561A40954100AEE184 /* Vocabulary.h */,
				A67871571A40954100AEE184 /* Vocabulary.m */,
			);
			name = voc;
			sourceTree = "<group>";
		};
		A67871B01A4395C000AEE184 /* question */ = {
			isa = PBXGroup;
			children = (
				A6A692401A376BAE00414E73 /* Question.h */,
				A6A692411A376BAE00414E73 /* Question.m */,
				A6A692431A376C3E00414E73 /* RCQuestion.h */,
				A6A692441A376C3E00414E73 /* RCQuestion.m */,
				A6A692461A376C8700414E73 /* TCQuestion.h */,
				A6A692471A376C8700414E73 /* TCQuestion.m */,
				A6A692491A376CA400414E73 /* SEQuestion.h */,
				A6A6924A1A376CA400414E73 /* SEQuestion.m */,
				A6A6924D1A376F2A00414E73 /* RCMSQuestion.h */,
				A6A6924E1A376F2A00414E73 /* RCMSQuestion.m */,
				A6A692501A376FC400414E73 /* RCCSQuestion.h */,
				A6A692511A376FC400414E73 /* RCCSQuestion.m */,
				A6A692531A37705B00414E73 /* RCText.h */,
				A6A692541A37705B00414E73 /* RCText.m */,
			);
			name = question;
			sourceTree = "<group>";
		};
		A67871B11A43B98B00AEE184 /* core */ = {
			isa = PBXGroup;
			children = (
				A67871B21A43B9B300AEE184 /* MemoryAlgorithm.h */,
				A67871B31A43B9B300AEE184 /* MemoryAlgorithm.m */,
			);
			name = core;
			sourceTree = "<group>";
		};
		A67871B81A43BAB900AEE184 /* support */ = {
			isa = PBXGroup;
			children = (
				A67871A51A429E0E00AEE184 /* WeakRef.h */,
				A67871A61A429E0E00AEE184 /* WeakRef.m */,
				A67871BE1A43E50D00AEE184 /* UserPreference.h */,
				A67871BF1A43E50D00AEE184 /* UserPreference.m */,
			);
			name = support;
			sourceTree = "<group>";
		};
		A67871C11A44736200AEE184 /* domain */ = {
			isa = PBXGroup;
			children = (
				A67871D21A45176B00AEE184 /* persist */,
				A67871C21A44736800AEE184 /* studyplan */,
				A67871D51A4549E700AEE184 /* MemoryStore.h */,
				A67871D61A4549E700AEE184 /* MemoryStore.m */,
			);
			name = domain;
			sourceTree = "<group>";
		};
		A67871C21A44736800AEE184 /* studyplan */ = {
			isa = PBXGroup;
			children = (
				A67871C31A44737C00AEE184 /* QuestionSetTest.m */,
				A67871C51A4476CB00AEE184 /* VocabPlanTest.m */,
				A67871C71A44C99800AEE184 /* ExamSuiteTest.m */,
			);
			name = studyplan;
			sourceTree = "<group>";
		};
		A67871D21A45176B00AEE184 /* persist */ = {
			isa = PBXGroup;
			children = (
				A67871D31A45200200AEE184 /* DataModelTest.m */,
			);
			name = persist;
			sourceTree = "<group>";
		};
		A6A06F261A40853800D5F8D2 /* res */ = {
			isa = PBXGroup;
			children = (
				A6A8B87A1A37C1E60096BCAB /* iPad.storyboard */,
				A6A692231A3766E300414E73 /* iPhone.storyboard */,
				A6A692261A3766E300414E73 /* Images.xcassets */,
				A67871DA1A46260D00AEE184 /* Play@2x.png */,
				A6A692281A3766E300414E73 /* LaunchScreen.xib */,
				A67871941A421E7D00AEE184 /* Result@2x.png */,
				A67871921A421E6700AEE184 /* Result.png */,
				A67871751A40E56100AEE184 /* Mark@2x.png */,
				A67871731A40E54A00AEE184 /* Mark.png */,
				A67871641A40C2DC00AEE184 /* Next@2x.png */,
				A67871651A40C2DC00AEE184 /* Previous@2x.png */,
				A67871601A40C2BD00AEE184 /* Next.png */,
				A67871611A40C2BD00AEE184 /* Previous.png */,
				A67871521A4090EA00AEE184 /* Article@3x.png */,
				A67871531A4090EA00AEE184 /* Question@3x.png */,
				A678714E1A4090C000AEE184 /* Article@2x.png */,
				A678714F1A4090C000AEE184 /* Question@2x.png */,
				A678714A1A40909800AEE184 /* Article.png */,
				A678714B1A40909800AEE184 /* Question.png */,
			);
			name = res;
			sourceTree = "<group>";
		};
		A6A692071A3766E300414E73 = {
			isa = PBXGroup;
			children = (
				A67871D81A4620C900AEE184 /* AVFoundation.framework */,
				A678716F1A40E24D00AEE184 /* iAd.framework */,
				A6A692121A3766E300414E73 /* GRE Verbal Practice */,
				A6A692321A3766E300414E73 /* GRE Verbal PracticeTests */,
				A6A692111A3766E300414E73 /* Products */,
			);
			sourceTree = "<group>";
		};
		A6A692111A3766E300414E73 /* Products */ = {
			isa = PBXGroup;
			children = (
				A6A692101A3766E300414E73 /* GRE Verbal Practice.app */,
				A6A6922F1A3766E300414E73 /* GRE Verbal PracticeTests.xctest */,
			);
			name = Products;
			sourceTree = "<group>";
		};
		A6A692121A3766E300414E73 /* GRE Verbal Practice */ = {
			isa = PBXGroup;
			children = (
				A6A06F261A40853800D5F8D2 /* res */,
				A67871B81A43BAB900AEE184 /* support */,
				A67871771A40EB4F00AEE184 /* util */,
				A67871B11A43B98B00AEE184 /* core */,
				A6A692641A37888900414E73 /* ui */,
				A67871811A41190D00AEE184 /* domain */,
				A6A692171A3766E300414E73 /* AppDelegate.h */,
				A6A692181A3766E300414E73 /* AppDelegate.m */,
				A6A692131A3766E300414E73 /* Supporting Files */,
			);
			path = "GRE Verbal Practice";
			sourceTree = "<group>";
		};
		A6A692131A3766E300414E73 /* Supporting Files */ = {
			isa = PBXGroup;
			children = (
				A6A692141A3766E300414E73 /* Info.plist */,
				A6A692151A3766E300414E73 /* main.m */,
				A67871B91A43C22B00AEE184 /* Settings.bundle */,
			);
			name = "Supporting Files";
			sourceTree = "<group>";
		};
		A6A692321A3766E300414E73 /* GRE Verbal PracticeTests */ = {
			isa = PBXGroup;
			children = (
				A67871C11A44736200AEE184 /* domain */,
				A6A692331A3766E300414E73 /* Supporting Files */,
			);
			path = "GRE Verbal PracticeTests";
			sourceTree = "<group>";
		};
		A6A692331A3766E300414E73 /* Supporting Files */ = {
			isa = PBXGroup;
			children = (
				A6A692341A3766E300414E73 /* Info.plist */,
			);
			name = "Supporting Files";
			sourceTree = "<group>";
		};
		A6A6923F1A376B2200414E73 /* model */ = {
			isa = PBXGroup;
			children = (
				A6A6921A1A3766E300414E73 /* GRE_Verbal_Practice.xcdatamodeld */,
				A67871B01A4395C000AEE184 /* question */,
				A67871AC1A43865700AEE184 /* voc */,
			);
			name = model;
			sourceTree = "<group>";
		};
		A6A6924C1A376CB400414E73 /* view */ = {
			isa = PBXGroup;
			children = (
				A678719B1A4258D000AEE184 /* question */,
				A6A692591A37759F00414E73 /* MainViewController.h */,
				A6A6925A1A37759F00414E73 /* MainViewController.m */,
				A678715C1A40BA6400AEE184 /* NavViewController.h */,
				A678715D1A40BA6400AEE184 /* NavViewController.m */,
				A678716C1A40C4AA00AEE184 /* ExamViewController.h */,
				A678716D1A40C4AA00AEE184 /* ExamViewController.m */,
				A67871591A40961200AEE184 /* VocabViewController.h */,
				A678715A1A40961200AEE184 /* VocabViewController.m */,
				A678718F1A42180700AEE184 /* ExamResultViewController.h */,
				A67871901A42180700AEE184 /* ExamResultViewController.m */,
				A67871981A424B4E00AEE184 /* QuestionViewController.h */,
				A67871991A424B4E00AEE184 /* QuestionViewController.m */,
				A67871BB1A43CF3800AEE184 /* SettingViewController.h */,
				A67871BC1A43CF3800AEE184 /* SettingViewController.m */,
			);
			name = view;
			sourceTree = "<group>";
		};
		A6A692641A37888900414E73 /* ui */ = {
			isa = PBXGroup;
			children = (
				A67871A81A42B8DC00AEE184 /* support */,
				A6A6924C1A376CB400414E73 /* view */,
				A67871801A4118DD00AEE184 /* control */,
			);
			name = ui;
			sourceTree = "<group>";
		};
/* End PBXGroup section */

/* Begin PBXNativeTarget section */
		A6A6920F1A3766E300414E73 /* GRE Verbal Practice */ = {
			isa = PBXNativeTarget;
			buildConfigurationList = A6A692391A3766E300414E73 /* Build configuration list for PBXNativeTarget "GRE Verbal Practice" */;
			buildPhases = (
				A6A6920C1A3766E300414E73 /* Sources */,
				A6A6920D1A3766E300414E73 /* Frameworks */,
				A6A6920E1A3766E300414E73 /* Resources */,
			);
			buildRules = (
			);
			dependencies = (
			);
			name = "GRE Verbal Practice";
			productName = "GRE Verbal Practice";
			productReference = A6A692101A3766E300414E73 /* GRE Verbal Practice.app */;
			productType = "com.apple.product-type.application";
		};
		A6A6922E1A3766E300414E73 /* GRE Verbal PracticeTests */ = {
			isa = PBXNativeTarget;
			buildConfigurationList = A6A6923C1A3766E300414E73 /* Build configuration list for PBXNativeTarget "GRE Verbal PracticeTests" */;
			buildPhases = (
				A6A6922B1A3766E300414E73 /* Sources */,
				A6A6922C1A3766E300414E73 /* Frameworks */,
				A6A6922D1A3766E300414E73 /* Resources */,
			);
			buildRules = (
			);
			dependencies = (
				A6A692311A3766E300414E73 /* PBXTargetDependency */,
			);
			name = "GRE Verbal PracticeTests";
			productName = "GRE Verbal PracticeTests";
			productReference = A6A6922F1A3766E300414E73 /* GRE Verbal PracticeTests.xctest */;
			productType = "com.apple.product-type.bundle.unit-test";
		};
/* End PBXNativeTarget section */

/* Begin PBXProject section */
		A6A692081A3766E300414E73 /* Project object */ = {
			isa = PBXProject;
			attributes = {
				LastUpgradeCheck = 0610;
				ORGANIZATIONNAME = "Hao Jiang";
				TargetAttributes = {
					A6A6920F1A3766E300414E73 = {
						CreatedOnToolsVersion = 6.1.1;
					};
					A6A6922E1A3766E300414E73 = {
						CreatedOnToolsVersion = 6.1.1;
						TestTargetID = A6A6920F1A3766E300414E73;
					};
				};
			};
			buildConfigurationList = A6A6920B1A3766E300414E73 /* Build configuration list for PBXProject "GRE Verbal Practice" */;
			compatibilityVersion = "Xcode 3.2";
			developmentRegion = English;
			hasScannedForEncodings = 0;
			knownRegions = (
				en,
				Base,
			);
			mainGroup = A6A692071A3766E300414E73;
			productRefGroup = A6A692111A3766E300414E73 /* Products */;
			projectDirPath = "";
			projectRoot = "";
			targets = (
				A6A6920F1A3766E300414E73 /* GRE Verbal Practice */,
				A6A6922E1A3766E300414E73 /* GRE Verbal PracticeTests */,
			);
		};
/* End PBXProject section */

/* Begin PBXResourcesBuildPhase section */
		A6A6920E1A3766E300414E73 /* Resources */ = {
			isa = PBXResourcesBuildPhase;
			buildActionMask = 2147483647;
			files = (
				A67871551A4090EA00AEE184 /* Question@3x.png in Resources */,
				A67871BA1A43C22B00AEE184 /* Settings.bundle in Resources */,
				A67871671A40C2DC00AEE184 /* Previous@2x.png in Resources */,
				A678714C1A40909800AEE184 /* Article.png in Resources */,
				A6A692251A3766E300414E73 /* iPhone.storyboard in Resources */,
				A67871931A421E6700AEE184 /* Result.png in Resources */,
				A67871541A4090EA00AEE184 /* Article@3x.png in Resources */,
				A67871951A421E7D00AEE184 /* Result@2x.png in Resources */,
				A67871631A40C2BD00AEE184 /* Previous.png in Resources */,
				A678714D1A40909800AEE184 /* Question.png in Resources */,
				A67871621A40C2BD00AEE184 /* Next.png in Resources */,
				A6A6922A1A3766E300414E73 /* LaunchScreen.xib in Resources */,
				A67871661A40C2DC00AEE184 /* Next@2x.png in Resources */,
				A67871501A4090C000AEE184 /* Article@2x.png in Resources */,
				A6A8B87C1A37C1E60096BCAB /* iPad.storyboard in Resources */,
				A67871761A40E56100AEE184 /* Mark@2x.png in Resources */,
				A67871DB1A46260D00AEE184 /* Play@2x.png in Resources */,
				A67871511A4090C000AEE184 /* Question@2x.png in Resources */,
				A67871741A40E54A00AEE184 /* Mark.png in Resources */,
				A6A692271A3766E300414E73 /* Images.xcassets in Resources */,
			);
			runOnlyForDeploymentPostprocessing = 0;
		};
		A6A6922D1A3766E300414E73 /* Resources */ = {
			isa = PBXResourcesBuildPhase;
			buildActionMask = 2147483647;
			files = (
			);
			runOnlyForDeploymentPostprocessing = 0;
		};
/* End PBXResourcesBuildPhase section */

/* Begin PBXSourcesBuildPhase section */
		A6A6920C1A3766E300414E73 /* Sources */ = {
			isa = PBXSourcesBuildPhase;
			buildActionMask = 2147483647;
			files = (
				A67871911A42180700AEE184 /* ExamResultViewController.m in Sources */,
				A6A6924F1A376F2A00414E73 /* RCMSQuestion.m in Sources */,
				A6A06F1C1A3F8DA000D5F8D2 /* RCAnswerView.m in Sources */,
				A6A692451A376C3E00414E73 /* RCQuestion.m in Sources */,
				A6A06F251A3FA17D00D5F8D2 /* RCViewController.m in Sources */,
				A67871581A40954100AEE184 /* Vocabulary.m in Sources */,
				A678716E1A40C4AA00AEE184 /* ExamViewController.m in Sources */,
				A67871B71A43BAAE00AEE184 /* DateUtils.m in Sources */,
				A6A06F221A3FA13D00D5F8D2 /* RCAViewController.m in Sources */,
				A67871A01A427B2300AEE184 /* MessageViewController.m in Sources */,
				A66FDBDE1A3F33EE00DAAE13 /* GREButtonGroup.m in Sources */,
				A6A692521A376FC500414E73 /* RCCSQuestion.m in Sources */,
				A6A692631A37856000414E73 /* TCViewController.m in Sources */,
				A6A692191A3766E300414E73 /* AppDelegate.m in Sources */,
				A6A6926A1A3788B800414E73 /* GREChoiceBox.m in Sources */,
				A66FDBDB1A3E715800DAAE13 /* UIUtils.m in Sources */,
				A678719A1A424B4E00AEE184 /* QuestionViewController.m in Sources */,
				A67871BD1A43CF3800AEE184 /* SettingViewController.m in Sources */,
				A6A692421A376BAE00414E73 /* Question.m in Sources */,
				A6A06F191A3F8D8C00D5F8D2 /* RCQViewController.m in Sources */,
				A66FDBD51A3E2D2B00DAAE13 /* GRETextButton.m in Sources */,
				A66FDBE41A3F47E800DAAE13 /* SEAnswerView.m in Sources */,
				A66FDBD81A3E2DAC00DAAE13 /* GREButton.m in Sources */,
				A67871A71A429E0E00AEE184 /* WeakRef.m in Sources */,
				A6A6924B1A376CA400414E73 /* SEQuestion.m in Sources */,
				A67871CB1A44ECBD00AEE184 /* Scorer.m in Sources */,
				A6A692161A3766E300414E73 /* main.m in Sources */,
				A6A6925B1A37759F00414E73 /* MainViewController.m in Sources */,
				A6A692551A37705B00414E73 /* RCText.m in Sources */,
				A6A692481A376C8700414E73 /* TCQuestion.m in Sources */,
				A67871D11A45172C00AEE184 /* DataImporter.m in Sources */,
				A678717A1A40EE2A00AEE184 /* ExamTimer.m in Sources */,
				A67871B41A43B9B300AEE184 /* MemoryAlgorithm.m in Sources */,
				A6A692581A3770DA00414E73 /* QuestionSet.m in Sources */,
				A67871C01A43E50D00AEE184 /* UserPreference.m in Sources */,
				A678715E1A40BA6400AEE184 /* NavViewController.m in Sources */,
				A6A692671A3788A700414E73 /* GRERadioButton.m in Sources */,
				A678718E1A4122D200AEE184 /* ExamSuite.m in Sources */,
				A66FDBD21A3E20E200DAAE13 /* TCAnswerView.m in Sources */,
				A67871AB1A42B8F400AEE184 /* AdBannerSupport.m in Sources */,
				A678718B1A411FD000AEE184 /* VocabPlan.m in Sources */,
				A66FDBE11A3F47B700DAAE13 /* SEViewController.m in Sources */,
				A678717E1A41173000AEE184 /* DataManager.m in Sources */,
				A678715B1A40961200AEE184 /* VocabViewController.m in Sources */,
				A6A6921C1A3766E300414E73 /* GRE_Verbal_Practice.xcdatamodeld in Sources */,
			);
			runOnlyForDeploymentPostprocessing = 0;
		};
		A6A6922B1A3766E300414E73 /* Sources */ = {
			isa = PBXSourcesBuildPhase;
			buildActionMask = 2147483647;
			files = (
				A67871C61A4476CB00AEE184 /* VocabPlanTest.m in Sources */,
				A67871D41A45200200AEE184 /* DataModelTest.m in Sources */,
				A67871C41A44737C00AEE184 /* QuestionSetTest.m in Sources */,
				A67871C81A44C99800AEE184 /* ExamSuiteTest.m in Sources */,
				A67871D71A4549E700AEE184 /* MemoryStore.m in Sources */,
			);
			runOnlyForDeploymentPostprocessing = 0;
		};
/* End PBXSourcesBuildPhase section */

/* Begin PBXTargetDependency section */
		A6A692311A3766E300414E73 /* PBXTargetDependency */ = {
			isa = PBXTargetDependency;
			target = A6A6920F1A3766E300414E73 /* GRE Verbal Practice */;
			targetProxy = A6A692301A3766E300414E73 /* PBXContainerItemProxy */;
		};
/* End PBXTargetDependency section */

/* Begin PBXVariantGroup section */
		A6A692231A3766E300414E73 /* iPhone.storyboard */ = {
			isa = PBXVariantGroup;
			children = (
				A6A692241A3766E300414E73 /* Base */,
			);
			name = iPhone.storyboard;
			sourceTree = "<group>";
		};
		A6A692281A3766E300414E73 /* LaunchScreen.xib */ = {
			isa = PBXVariantGroup;
			children = (
				A6A692291A3766E300414E73 /* Base */,
			);
			name = LaunchScreen.xib;
			sourceTree = "<group>";
		};
		A6A8B87A1A37C1E60096BCAB /* iPad.storyboard */ = {
			isa = PBXVariantGroup;
			children = (
				A6A8B87B1A37C1E60096BCAB /* Base */,
			);
			name = iPad.storyboard;
			path = ..;
			sourceTree = "<group>";
		};
/* End PBXVariantGroup section */

/* Begin XCBuildConfiguration section */
		A6A692371A3766E300414E73 /* Debug */ = {
			isa = XCBuildConfiguration;
			buildSettings = {
				ALWAYS_SEARCH_USER_PATHS = NO;
				CLANG_CXX_LANGUAGE_STANDARD = "gnu++0x";
				CLANG_CXX_LIBRARY = "libc++";
				CLANG_ENABLE_MODULES = YES;
				CLANG_ENABLE_OBJC_ARC = YES;
				CLANG_WARN_BOOL_CONVERSION = YES;
				CLANG_WARN_CONSTANT_CONVERSION = YES;
				CLANG_WARN_DIRECT_OBJC_ISA_USAGE = YES_ERROR;
				CLANG_WARN_EMPTY_BODY = YES;
				CLANG_WARN_ENUM_CONVERSION = YES;
				CLANG_WARN_INT_CONVERSION = YES;
				CLANG_WARN_OBJC_ROOT_CLASS = YES_ERROR;
				CLANG_WARN_UNREACHABLE_CODE = YES;
				CLANG_WARN__DUPLICATE_METHOD_MATCH = YES;
				"CODE_SIGN_IDENTITY[sdk=iphoneos*]" = "iPhone Developer";
				COPY_PHASE_STRIP = NO;
				ENABLE_STRICT_OBJC_MSGSEND = YES;
				GCC_C_LANGUAGE_STANDARD = gnu99;
				GCC_DYNAMIC_NO_PIC = NO;
				GCC_OPTIMIZATION_LEVEL = 0;
				GCC_PREPROCESSOR_DEFINITIONS = (
					"DEBUG=1",
					"$(inherited)",
				);
				GCC_SYMBOLS_PRIVATE_EXTERN = NO;
				GCC_WARN_64_TO_32_BIT_CONVERSION = YES;
				GCC_WARN_ABOUT_RETURN_TYPE = YES_ERROR;
				GCC_WARN_UNDECLARED_SELECTOR = YES;
				GCC_WARN_UNINITIALIZED_AUTOS = YES_AGGRESSIVE;
				GCC_WARN_UNUSED_FUNCTION = YES;
				GCC_WARN_UNUSED_VARIABLE = YES;
				IPHONEOS_DEPLOYMENT_TARGET = 8.1;
				MTL_ENABLE_DEBUG_INFO = YES;
				ONLY_ACTIVE_ARCH = YES;
				SDKROOT = iphoneos;
				TARGETED_DEVICE_FAMILY = "1,2";
			};
			name = Debug;
		};
		A6A692381A3766E300414E73 /* Release */ = {
			isa = XCBuildConfiguration;
			buildSettings = {
				ALWAYS_SEARCH_USER_PATHS = NO;
				CLANG_CXX_LANGUAGE_STANDARD = "gnu++0x";
				CLANG_CXX_LIBRARY = "libc++";
				CLANG_ENABLE_MODULES = YES;
				CLANG_ENABLE_OBJC_ARC = YES;
				CLANG_WARN_BOOL_CONVERSION = YES;
				CLANG_WARN_CONSTANT_CONVERSION = YES;
				CLANG_WARN_DIRECT_OBJC_ISA_USAGE = YES_ERROR;
				CLANG_WARN_EMPTY_BODY = YES;
				CLANG_WARN_ENUM_CONVERSION = YES;
				CLANG_WARN_INT_CONVERSION = YES;
				CLANG_WARN_OBJC_ROOT_CLASS = YES_ERROR;
				CLANG_WARN_UNREACHABLE_CODE = YES;
				CLANG_WARN__DUPLICATE_METHOD_MATCH = YES;
				"CODE_SIGN_IDENTITY[sdk=iphoneos*]" = "iPhone Developer";
				COPY_PHASE_STRIP = YES;
				ENABLE_NS_ASSERTIONS = NO;
				ENABLE_STRICT_OBJC_MSGSEND = YES;
				GCC_C_LANGUAGE_STANDARD = gnu99;
				GCC_WARN_64_TO_32_BIT_CONVERSION = YES;
				GCC_WARN_ABOUT_RETURN_TYPE = YES_ERROR;
				GCC_WARN_UNDECLARED_SELECTOR = YES;
				GCC_WARN_UNINITIALIZED_AUTOS = YES_AGGRESSIVE;
				GCC_WARN_UNUSED_FUNCTION = YES;
				GCC_WARN_UNUSED_VARIABLE = YES;
				IPHONEOS_DEPLOYMENT_TARGET = 8.1;
				MTL_ENABLE_DEBUG_INFO = NO;
				ONLY_ACTIVE_ARCH = YES;
				SDKROOT = iphoneos;
				TARGETED_DEVICE_FAMILY = "1,2";
				VALIDATE_PRODUCT = YES;
			};
			name = Release;
		};
		A6A6923A1A3766E300414E73 /* Debug */ = {
			isa = XCBuildConfiguration;
			buildSettings = {
				ASSETCATALOG_COMPILER_APPICON_NAME = AppIcon;
				CODE_SIGN_IDENTITY = "iPhone Developer";
				INFOPLIST_FILE = "GRE Verbal Practice/Info.plist";
				IPHONEOS_DEPLOYMENT_TARGET = 8.1;
				LD_RUNPATH_SEARCH_PATHS = "$(inherited) @executable_path/Frameworks";
				PRODUCT_NAME = "$(TARGET_NAME)";
				TARGETED_DEVICE_FAMILY = "1,2";
			};
			name = Debug;
		};
		A6A6923B1A3766E300414E73 /* Release */ = {
			isa = XCBuildConfiguration;
			buildSettings = {
				ASSETCATALOG_COMPILER_APPICON_NAME = AppIcon;
				CODE_SIGN_IDENTITY = "iPhone Developer";
				INFOPLIST_FILE = "GRE Verbal Practice/Info.plist";
				IPHONEOS_DEPLOYMENT_TARGET = 8.1;
				LD_RUNPATH_SEARCH_PATHS = "$(inherited) @executable_path/Frameworks";
				PRODUCT_NAME = "$(TARGET_NAME)";
				TARGETED_DEVICE_FAMILY = "1,2";
			};
			name = Release;
		};
		A6A6923D1A3766E300414E73 /* Debug */ = {
			isa = XCBuildConfiguration;
			buildSettings = {
				BUNDLE_LOADER = "$(TEST_HOST)";
				FRAMEWORK_SEARCH_PATHS = (
					"$(SDKROOT)/Developer/Library/Frameworks",
					"$(inherited)",
				);
				GCC_PREPROCESSOR_DEFINITIONS = (
					"DEBUG=1",
					"$(inherited)",
				);
				INFOPLIST_FILE = "GRE Verbal PracticeTests/Info.plist";
				LD_RUNPATH_SEARCH_PATHS = "$(inherited) @executable_path/Frameworks @loader_path/Frameworks";
				PRODUCT_NAME = "$(TARGET_NAME)";
				TARGETED_DEVICE_FAMILY = 1;
				TEST_HOST = "$(BUILT_PRODUCTS_DIR)/GRE Verbal Practice.app/GRE Verbal Practice";
			};
			name = Debug;
		};
		A6A6923E1A3766E300414E73 /* Release */ = {
			isa = XCBuildConfiguration;
			buildSettings = {
				BUNDLE_LOADER = "$(TEST_HOST)";
				FRAMEWORK_SEARCH_PATHS = (
					"$(SDKROOT)/Developer/Library/Frameworks",
					"$(inherited)",
				);
				INFOPLIST_FILE = "GRE Verbal PracticeTests/Info.plist";
				LD_RUNPATH_SEARCH_PATHS = "$(inherited) @executable_path/Frameworks @loader_path/Frameworks";
				PRODUCT_NAME = "$(TARGET_NAME)";
				TARGETED_DEVICE_FAMILY = 1;
				TEST_HOST = "$(BUILT_PRODUCTS_DIR)/GRE Verbal Practice.app/GRE Verbal Practice";
			};
			name = Release;
		};
/* End XCBuildConfiguration section */

/* Begin XCConfigurationList section */
		A6A6920B1A3766E300414E73 /* Build configuration list for PBXProject "GRE Verbal Practice" */ = {
			isa = XCConfigurationList;
			buildConfigurations = (
				A6A692371A3766E300414E73 /* Debug */,
				A6A692381A3766E300414E73 /* Release */,
			);
			defaultConfigurationIsVisible = 0;
			defaultConfigurationName = Release;
		};
		A6A692391A3766E300414E73 /* Build configuration list for PBXNativeTarget "GRE Verbal Practice" */ = {
			isa = XCConfigurationList;
			buildConfigurations = (
				A6A6923A1A3766E300414E73 /* Debug */,
				A6A6923B1A3766E300414E73 /* Release */,
			);
			defaultConfigurationIsVisible = 0;
			defaultConfigurationName = Release;
		};
		A6A6923C1A3766E300414E73 /* Build configuration list for PBXNativeTarget "GRE Verbal PracticeTests" */ = {
			isa = XCConfigurationList;
			buildConfigurations = (
				A6A6923D1A3766E300414E73 /* Debug */,
				A6A6923E1A3766E300414E73 /* Release */,
			);
			defaultConfigurationIsVisible = 0;
			defaultConfigurationName = Release;
		};
/* End XCConfigurationList section */

/* Begin XCVersionGroup section */
		A6A6921A1A3766E300414E73 /* GRE_Verbal_Practice.xcdatamodeld */ = {
			isa = XCVersionGroup;
			children = (
				A6A6921B1A3766E300414E73 /* GRE_Verbal_Practice.xcdatamodel */,
			);
			currentVersion = A6A6921B1A3766E300414E73 /* GRE_Verbal_Practice.xcdatamodel */;
			path = GRE_Verbal_Practice.xcdatamodeld;
			sourceTree = "<group>";
			versionGroupType = wrapper.xcdatamodel;
		};
/* End XCVersionGroup section */
	};
	rootObject = A6A692081A3766E300414E73 /* Project object */;
}
