// !$*UTF8*$!
{
	archiveVersion = 1;
	classes = {
	};
	objectVersion = 46;
	objects = {

/* Begin PBXBuildFile section */
		A6A692161A3766E300414E73 /* main.m in Sources */ = {isa = PBXBuildFile; fileRef = A6A692151A3766E300414E73 /* main.m */; };
		A6A692191A3766E300414E73 /* AppDelegate.m in Sources */ = {isa = PBXBuildFile; fileRef = A6A692181A3766E300414E73 /* AppDelegate.m */; };
		A6A6921C1A3766E300414E73 /* GRE_Verbal_Practice.xcdatamodeld in Sources */ = {isa = PBXBuildFile; fileRef = A6A6921A1A3766E300414E73 /* GRE_Verbal_Practice.xcdatamodeld */; };
		A6A692251A3766E300414E73 /* iPhone.storyboard in Resources */ = {isa = PBXBuildFile; fileRef = A6A692231A3766E300414E73 /* iPhone.storyboard */; };
		A6A692271A3766E300414E73 /* Images.xcassets in Resources */ = {isa = PBXBuildFile; fileRef = A6A692261A3766E300414E73 /* Images.xcassets */; };
		A6A6922A1A3766E300414E73 /* LaunchScreen.xib in Resources */ = {isa = PBXBuildFile; fileRef = A6A692281A3766E300414E73 /* LaunchScreen.xib */; };
		A6A692361A3766E300414E73 /* GRE_Verbal_PracticeTests.m in Sources */ = {isa = PBXBuildFile; fileRef = A6A692351A3766E300414E73 /* GRE_Verbal_PracticeTests.m */; };
		A6A692421A376BAE00414E73 /* Question.m in Sources */ = {isa = PBXBuildFile; fileRef = A6A692411A376BAE00414E73 /* Question.m */; };
		A6A692451A376C3E00414E73 /* RCQuestion.m in Sources */ = {isa = PBXBuildFile; fileRef = A6A692441A376C3E00414E73 /* RCQuestion.m */; };
		A6A692481A376C8700414E73 /* TCQuestion.m in Sources */ = {isa = PBXBuildFile; fileRef = A6A692471A376C8700414E73 /* TCQuestion.m */; };
		A6A6924B1A376CA400414E73 /* SEQuestion.m in Sources */ = {isa = PBXBuildFile; fileRef = A6A6924A1A376CA400414E73 /* SEQuestion.m */; };
		A6A6924F1A376F2A00414E73 /* RCMSQuestion.m in Sources */ = {isa = PBXBuildFile; fileRef = A6A6924E1A376F2A00414E73 /* RCMSQuestion.m */; };
		A6A692521A376FC500414E73 /* RCCSQuestion.m in Sources */ = {isa = PBXBuildFile; fileRef = A6A692511A376FC400414E73 /* RCCSQuestion.m */; };
		A6A692551A37705B00414E73 /* RCText.m in Sources */ = {isa = PBXBuildFile; fileRef = A6A692541A37705B00414E73 /* RCText.m */; };
		A6A692581A3770DA00414E73 /* QuestionSet.m in Sources */ = {isa = PBXBuildFile; fileRef = A6A692571A3770DA00414E73 /* QuestionSet.m */; };
		A6A6925B1A37759F00414E73 /* MainViewController.m in Sources */ = {isa = PBXBuildFile; fileRef = A6A6925A1A37759F00414E73 /* MainViewController.m */; };
		A6A692631A37856000414E73 /* TCViewController.m in Sources */ = {isa = PBXBuildFile; fileRef = A6A692621A37856000414E73 /* TCViewController.m */; };
		A6A692671A3788A700414E73 /* GRERadioButton.m in Sources */ = {isa = PBXBuildFile; fileRef = A6A692661A3788A700414E73 /* GRERadioButton.m */; };
		A6A6926A1A3788B800414E73 /* GREChoiceBox.m in Sources */ = {isa = PBXBuildFile; fileRef = A6A692691A3788B800414E73 /* GREChoiceBox.m */; };
		A6A8B87C1A37C1E60096BCAB /* iPad.storyboard in Resources */ = {isa = PBXBuildFile; fileRef = A6A8B87A1A37C1E60096BCAB /* iPad.storyboard */; };
/* End PBXBuildFile section */

/* Begin PBXContainerItemProxy section */
		A6A692301A3766E300414E73 /* PBXContainerItemProxy */ = {
			isa = PBXContainerItemProxy;
			containerPortal = A6A692081A3766E300414E73 /* Project object */;
			proxyType = 1;
			remoteGlobalIDString = A6A6920F1A3766E300414E73;
			remoteInfo = "GRE Verbal Practice";
		};
/* End PBXContainerItemProxy section */

/* Begin PBXFileReference section */
		A6A692101A3766E300414E73 /* GRE Verbal Practice.app */ = {isa = PBXFileReference; explicitFileType = wrapper.application; includeInIndex = 0; path = "GRE Verbal Practice.app"; sourceTree = BUILT_PRODUCTS_DIR; };
		A6A692141A3766E300414E73 /* Info.plist */ = {isa = PBXFileReference; lastKnownFileType = text.plist.xml; path = Info.plist; sourceTree = "<group>"; };
		A6A692151A3766E300414E73 /* main.m */ = {isa = PBXFileReference; lastKnownFileType = sourcecode.c.objc; path = main.m; sourceTree = "<group>"; };
		A6A692171A3766E300414E73 /* AppDelegate.h */ = {isa = PBXFileReference; lastKnownFileType = sourcecode.c.h; path = AppDelegate.h; sourceTree = "<group>"; };
		A6A692181A3766E300414E73 /* AppDelegate.m */ = {isa = PBXFileReference; lastKnownFileType = sourcecode.c.objc; path = AppDelegate.m; sourceTree = "<group>"; };
		A6A6921B1A3766E300414E73 /* GRE_Verbal_Practice.xcdatamodel */ = {isa = PBXFileReference; lastKnownFileType = wrapper.xcdatamodel; path = GRE_Verbal_Practice.xcdatamodel; sourceTree = "<group>"; };
		A6A692241A3766E300414E73 /* Base */ = {isa = PBXFileReference; lastKnownFileType = file.storyboard; name = Base; path = Base.lproj/iPhone.storyboard; sourceTree = "<group>"; };
		A6A692261A3766E300414E73 /* Images.xcassets */ = {isa = PBXFileReference; lastKnownFileType = folder.assetcatalog; path = Images.xcassets; sourceTree = "<group>"; };
		A6A692291A3766E300414E73 /* Base */ = {isa = PBXFileReference; lastKnownFileType = file.xib; name = Base; path = Base.lproj/LaunchScreen.xib; sourceTree = "<group>"; };
		A6A6922F1A3766E300414E73 /* GRE Verbal PracticeTests.xctest */ = {isa = PBXFileReference; explicitFileType = wrapper.cfbundle; includeInIndex = 0; path = "GRE Verbal PracticeTests.xctest"; sourceTree = BUILT_PRODUCTS_DIR; };
		A6A692341A3766E300414E73 /* Info.plist */ = {isa = PBXFileReference; lastKnownFileType = text.plist.xml; path = Info.plist; sourceTree = "<group>"; };
		A6A692351A3766E300414E73 /* GRE_Verbal_PracticeTests.m */ = {isa = PBXFileReference; lastKnownFileType = sourcecode.c.objc; path = GRE_Verbal_PracticeTests.m; sourceTree = "<group>"; };
		A6A692401A376BAE00414E73 /* Question.h */ = {isa = PBXFileReference; fileEncoding = 4; lastKnownFileType = sourcecode.c.h; path = Question.h; sourceTree = "<group>"; };
		A6A692411A376BAE00414E73 /* Question.m */ = {isa = PBXFileReference; fileEncoding = 4; lastKnownFileType = sourcecode.c.objc; path = Question.m; sourceTree = "<group>"; };
		A6A692431A376C3E00414E73 /* RCQuestion.h */ = {isa = PBXFileReference; fileEncoding = 4; lastKnownFileType = sourcecode.c.h; path = RCQuestion.h; sourceTree = "<group>"; };
		A6A692441A376C3E00414E73 /* RCQuestion.m */ = {isa = PBXFileReference; fileEncoding = 4; lastKnownFileType = sourcecode.c.objc; path = RCQuestion.m; sourceTree = "<group>"; };
		A6A692461A376C8700414E73 /* TCQuestion.h */ = {isa = PBXFileReference; fileEncoding = 4; lastKnownFileType = sourcecode.c.h; path = TCQuestion.h; sourceTree = "<group>"; };
		A6A692471A376C8700414E73 /* TCQuestion.m */ = {isa = PBXFileReference; fileEncoding = 4; lastKnownFileType = sourcecode.c.objc; path = TCQuestion.m; sourceTree = "<group>"; };
		A6A692491A376CA400414E73 /* SEQuestion.h */ = {isa = PBXFileReference; fileEncoding = 4; lastKnownFileType = sourcecode.c.h; path = SEQuestion.h; sourceTree = "<group>"; };
		A6A6924A1A376CA400414E73 /* SEQuestion.m */ = {isa = PBXFileReference; fileEncoding = 4; lastKnownFileType = sourcecode.c.objc; path = SEQuestion.m; sourceTree = "<group>"; };
		A6A6924D1A376F2A00414E73 /* RCMSQuestion.h */ = {isa = PBXFileReference; fileEncoding = 4; lastKnownFileType = sourcecode.c.h; path = RCMSQuestion.h; sourceTree = "<group>"; };
		A6A6924E1A376F2A00414E73 /* RCMSQuestion.m */ = {isa = PBXFileReference; fileEncoding = 4; lastKnownFileType = sourcecode.c.objc; path = RCMSQuestion.m; sourceTree = "<group>"; };
		A6A692501A376FC400414E73 /* RCCSQuestion.h */ = {isa = PBXFileReference; fileEncoding = 4; lastKnownFileType = sourcecode.c.h; path = RCCSQuestion.h; sourceTree = "<group>"; };
		A6A692511A376FC400414E73 /* RCCSQuestion.m */ = {isa = PBXFileReference; fileEncoding = 4; lastKnownFileType = sourcecode.c.objc; path = RCCSQuestion.m; sourceTree = "<group>"; };
		A6A692531A37705B00414E73 /* RCText.h */ = {isa = PBXFileReference; fileEncoding = 4; lastKnownFileType = sourcecode.c.h; path = RCText.h; sourceTree = "<group>"; };
		A6A692541A37705B00414E73 /* RCText.m */ = {isa = PBXFileReference; fileEncoding = 4; lastKnownFileType = sourcecode.c.objc; path = RCText.m; sourceTree = "<group>"; };
		A6A692561A3770DA00414E73 /* QuestionSet.h */ = {isa = PBXFileReference; fileEncoding = 4; lastKnownFileType = sourcecode.c.h; path = QuestionSet.h; sourceTree = "<group>"; };
		A6A692571A3770DA00414E73 /* QuestionSet.m */ = {isa = PBXFileReference; fileEncoding = 4; lastKnownFileType = sourcecode.c.objc; path = QuestionSet.m; sourceTree = "<group>"; };
		A6A692591A37759F00414E73 /* MainViewController.h */ = {isa = PBXFileReference; fileEncoding = 4; lastKnownFileType = sourcecode.c.h; path = MainViewController.h; sourceTree = "<group>"; };
		A6A6925A1A37759F00414E73 /* MainViewController.m */ = {isa = PBXFileReference; fileEncoding = 4; lastKnownFileType = sourcecode.c.objc; path = MainViewController.m; sourceTree = "<group>"; };
		A6A692611A37856000414E73 /* TCViewController.h */ = {isa = PBXFileReference; fileEncoding = 4; lastKnownFileType = sourcecode.c.h; path = TCViewController.h; sourceTree = "<group>"; };
		A6A692621A37856000414E73 /* TCViewController.m */ = {isa = PBXFileReference; fileEncoding = 4; lastKnownFileType = sourcecode.c.objc; path = TCViewController.m; sourceTree = "<group>"; };
		A6A692651A3788A700414E73 /* GRERadioButton.h */ = {isa = PBXFileReference; fileEncoding = 4; lastKnownFileType = sourcecode.c.h; path = GRERadioButton.h; sourceTree = "<group>"; };
		A6A692661A3788A700414E73 /* GRERadioButton.m */ = {isa = PBXFileReference; fileEncoding = 4; lastKnownFileType = sourcecode.c.objc; path = GRERadioButton.m; sourceTree = "<group>"; };
		A6A692681A3788B800414E73 /* GREChoiceBox.h */ = {isa = PBXFileReference; fileEncoding = 4; lastKnownFileType = sourcecode.c.h; path = GREChoiceBox.h; sourceTree = "<group>"; };
		A6A692691A3788B800414E73 /* GREChoiceBox.m */ = {isa = PBXFileReference; fileEncoding = 4; lastKnownFileType = sourcecode.c.objc; path = GREChoiceBox.m; sourceTree = "<group>"; };
		A6A8B87B1A37C1E60096BCAB /* Base */ = {isa = PBXFileReference; lastKnownFileType = file.storyboard; name = Base; path = "GRE Verbal Practice/Base.lproj/iPad.storyboard"; sourceTree = "<group>"; };
/* End PBXFileReference section */

/* Begin PBXFrameworksBuildPhase section */
		A6A6920D1A3766E300414E73 /* Frameworks */ = {
			isa = PBXFrameworksBuildPhase;
			buildActionMask = 2147483647;
			files = (
			);
			runOnlyForDeploymentPostprocessing = 0;
		};
		A6A6922C1A3766E300414E73 /* Frameworks */ = {
			isa = PBXFrameworksBuildPhase;
			buildActionMask = 2147483647;
			files = (
			);
			runOnlyForDeploymentPostprocessing = 0;
		};
/* End PBXFrameworksBuildPhase section */

/* Begin PBXGroup section */
		A6A692071A3766E300414E73 = {
			isa = PBXGroup;
			children = (
				A6A692121A3766E300414E73 /* GRE Verbal Practice */,
				A6A692321A3766E300414E73 /* GRE Verbal PracticeTests */,
				A6A692111A3766E300414E73 /* Products */,
			);
			sourceTree = "<group>";
		};
		A6A692111A3766E300414E73 /* Products */ = {
			isa = PBXGroup;
			children = (
				A6A692101A3766E300414E73 /* GRE Verbal Practice.app */,
				A6A6922F1A3766E300414E73 /* GRE Verbal PracticeTests.xctest */,
			);
			name = Products;
			sourceTree = "<group>";
		};
		A6A692121A3766E300414E73 /* GRE Verbal Practice */ = {
			isa = PBXGroup;
			children = (
				A6A692641A37888900414E73 /* ui */,
				A6A6924C1A376CB400414E73 /* view */,
				A6A6923F1A376B2200414E73 /* model */,
				A6A692171A3766E300414E73 /* AppDelegate.h */,
				A6A692181A3766E300414E73 /* AppDelegate.m */,
				A6A692591A37759F00414E73 /* MainViewController.h */,
				A6A6925A1A37759F00414E73 /* MainViewController.m */,
				A6A8B87A1A37C1E60096BCAB /* iPad.storyboard */,
				A6A692231A3766E300414E73 /* iPhone.storyboard */,
				A6A692261A3766E300414E73 /* Images.xcassets */,
				A6A692281A3766E300414E73 /* LaunchScreen.xib */,
				A6A6921A1A3766E300414E73 /* GRE_Verbal_Practice.xcdatamodeld */,
				A6A692131A3766E300414E73 /* Supporting Files */,
			);
			path = "GRE Verbal Practice";
			sourceTree = "<group>";
		};
		A6A692131A3766E300414E73 /* Supporting Files */ = {
			isa = PBXGroup;
			children = (
				A6A692141A3766E300414E73 /* Info.plist */,
				A6A692151A3766E300414E73 /* main.m */,
			);
			name = "Supporting Files";
			sourceTree = "<group>";
		};
		A6A692321A3766E300414E73 /* GRE Verbal PracticeTests */ = {
			isa = PBXGroup;
			children = (
				A6A692351A3766E300414E73 /* GRE_Verbal_PracticeTests.m */,
				A6A692331A3766E300414E73 /* Supporting Files */,
			);
			path = "GRE Verbal PracticeTests";
			sourceTree = "<group>";
		};
		A6A692331A3766E300414E73 /* Supporting Files */ = {
			isa = PBXGroup;
			children = (
				A6A692341A3766E300414E73 /* Info.plist */,
			);
			name = "Supporting Files";
			sourceTree = "<group>";
		};
		A6A6923F1A376B2200414E73 /* model */ = {
			isa = PBXGroup;
			children = (
				A6A692401A376BAE00414E73 /* Question.h */,
				A6A692411A376BAE00414E73 /* Question.m */,
				A6A692431A376C3E00414E73 /* RCQuestion.h */,
				A6A692441A376C3E00414E73 /* RCQuestion.m */,
				A6A692461A376C8700414E73 /* TCQuestion.h */,
				A6A692471A376C8700414E73 /* TCQuestion.m */,
				A6A692491A376CA400414E73 /* SEQuestion.h */,
				A6A6924A1A376CA400414E73 /* SEQuestion.m */,
				A6A6924D1A376F2A00414E73 /* RCMSQuestion.h */,
				A6A6924E1A376F2A00414E73 /* RCMSQuestion.m */,
				A6A692501A376FC400414E73 /* RCCSQuestion.h */,
				A6A692511A376FC400414E73 /* RCCSQuestion.m */,
				A6A692531A37705B00414E73 /* RCText.h */,
				A6A692541A37705B00414E73 /* RCText.m */,
				A6A692561A3770DA00414E73 /* QuestionSet.h */,
				A6A692571A3770DA00414E73 /* QuestionSet.m */,
			);
			name = model;
			sourceTree = "<group>";
		};
		A6A6924C1A376CB400414E73 /* view */ = {
			isa = PBXGroup;
			children = (
				A6A692611A37856000414E73 /* TCViewController.h */,
				A6A692621A37856000414E73 /* TCViewController.m */,
			);
			name = view;
			sourceTree = "<group>";
		};
		A6A692641A37888900414E73 /* ui */ = {
			isa = PBXGroup;
			children = (
				A6A692651A3788A700414E73 /* GRERadioButton.h */,
				A6A692661A3788A700414E73 /* GRERadioButton.m */,
				A6A692681A3788B800414E73 /* GREChoiceBox.h */,
				A6A692691A3788B800414E73 /* GREChoiceBox.m */,
			);
			name = ui;
			sourceTree = "<group>";
		};
/* End PBXGroup section */

/* Begin PBXNativeTarget section */
		A6A6920F1A3766E300414E73 /* GRE Verbal Practice */ = {
			isa = PBXNativeTarget;
			buildConfigurationList = A6A692391A3766E300414E73 /* Build configuration list for PBXNativeTarget "GRE Verbal Practice" */;
			buildPhases = (
				A6A6920C1A3766E300414E73 /* Sources */,
				A6A6920D1A3766E300414E73 /* Frameworks */,
				A6A6920E1A3766E300414E73 /* Resources */,
			);
			buildRules = (
			);
			dependencies = (
			);
			name = "GRE Verbal Practice";
			productName = "GRE Verbal Practice";
			productReference = A6A692101A3766E300414E73 /* GRE Verbal Practice.app */;
			productType = "com.apple.product-type.application";
		};
		A6A6922E1A3766E300414E73 /* GRE Verbal PracticeTests */ = {
			isa = PBXNativeTarget;
			buildConfigurationList = A6A6923C1A3766E300414E73 /* Build configuration list for PBXNativeTarget "GRE Verbal PracticeTests" */;
			buildPhases = (
				A6A6922B1A3766E300414E73 /* Sources */,
				A6A6922C1A3766E300414E73 /* Frameworks */,
				A6A6922D1A3766E300414E73 /* Resources */,
			);
			buildRules = (
			);
			dependencies = (
				A6A692311A3766E300414E73 /* PBXTargetDependency */,
			);
			name = "GRE Verbal PracticeTests";
			productName = "GRE Verbal PracticeTests";
			productReference = A6A6922F1A3766E300414E73 /* GRE Verbal PracticeTests.xctest */;
			productType = "com.apple.product-type.bundle.unit-test";
		};
/* End PBXNativeTarget section */

/* Begin PBXProject section */
		A6A692081A3766E300414E73 /* Project object */ = {
			isa = PBXProject;
			attributes = {
				LastUpgradeCheck = 0610;
				ORGANIZATIONNAME = "Hao Jiang";
				TargetAttributes = {
					A6A6920F1A3766E300414E73 = {
						CreatedOnToolsVersion = 6.1.1;
					};
					A6A6922E1A3766E300414E73 = {
						CreatedOnToolsVersion = 6.1.1;
						TestTargetID = A6A6920F1A3766E300414E73;
					};
				};
			};
			buildConfigurationList = A6A6920B1A3766E300414E73 /* Build configuration list for PBXProject "GRE Verbal Practice" */;
			compatibilityVersion = "Xcode 3.2";
			developmentRegion = English;
			hasScannedForEncodings = 0;
			knownRegions = (
				en,
				Base,
			);
			mainGroup = A6A692071A3766E300414E73;
			productRefGroup = A6A692111A3766E300414E73 /* Products */;
			projectDirPath = "";
			projectRoot = "";
			targets = (
				A6A6920F1A3766E300414E73 /* GRE Verbal Practice */,
				A6A6922E1A3766E300414E73 /* GRE Verbal PracticeTests */,
			);
		};
/* End PBXProject section */

/* Begin PBXResourcesBuildPhase section */
		A6A6920E1A3766E300414E73 /* Resources */ = {
			isa = PBXResourcesBuildPhase;
			buildActionMask = 2147483647;
			files = (
				A6A692251A3766E300414E73 /* iPhone.storyboard in Resources */,
				A6A6922A1A3766E300414E73 /* LaunchScreen.xib in Resources */,
				A6A8B87C1A37C1E60096BCAB /* iPad.storyboard in Resources */,
				A6A692271A3766E300414E73 /* Images.xcassets in Resources */,
			);
			runOnlyForDeploymentPostprocessing = 0;
		};
		A6A6922D1A3766E300414E73 /* Resources */ = {
			isa = PBXResourcesBuildPhase;
			buildActionMask = 2147483647;
			files = (
			);
			runOnlyForDeploymentPostprocessing = 0;
		};
/* End PBXResourcesBuildPhase section */

/* Begin PBXSourcesBuildPhase section */
		A6A6920C1A3766E300414E73 /* Sources */ = {
			isa = PBXSourcesBuildPhase;
			buildActionMask = 2147483647;
			files = (
				A6A6924F1A376F2A00414E73 /* RCMSQuestion.m in Sources */,
				A6A692451A376C3E00414E73 /* RCQuestion.m in Sources */,
				A6A692521A376FC500414E73 /* RCCSQuestion.m in Sources */,
				A6A692631A37856000414E73 /* TCViewController.m in Sources */,
				A6A692191A3766E300414E73 /* AppDelegate.m in Sources */,
				A6A6926A1A3788B800414E73 /* GREChoiceBox.m in Sources */,
				A6A692421A376BAE00414E73 /* Question.m in Sources */,
				A6A6924B1A376CA400414E73 /* SEQuestion.m in Sources */,
				A6A692161A3766E300414E73 /* main.m in Sources */,
				A6A6925B1A37759F00414E73 /* MainViewController.m in Sources */,
				A6A692551A37705B00414E73 /* RCText.m in Sources */,
				A6A692481A376C8700414E73 /* TCQuestion.m in Sources */,
				A6A692581A3770DA00414E73 /* QuestionSet.m in Sources */,
				A6A692671A3788A700414E73 /* GRERadioButton.m in Sources */,
				A6A6921C1A3766E300414E73 /* GRE_Verbal_Practice.xcdatamodeld in Sources */,
			);
			runOnlyForDeploymentPostprocessing = 0;
		};
		A6A6922B1A3766E300414E73 /* Sources */ = {
			isa = PBXSourcesBuildPhase;
			buildActionMask = 2147483647;
			files = (
				A6A692361A3766E300414E73 /* GRE_Verbal_PracticeTests.m in Sources */,
			);
			runOnlyForDeploymentPostprocessing = 0;
		};
/* End PBXSourcesBuildPhase section */

/* Begin PBXTargetDependency section */
		A6A692311A3766E300414E73 /* PBXTargetDependency */ = {
			isa = PBXTargetDependency;
			target = A6A6920F1A3766E300414E73 /* GRE Verbal Practice */;
			targetProxy = A6A692301A3766E300414E73 /* PBXContainerItemProxy */;
		};
/* End PBXTargetDependency section */

/* Begin PBXVariantGroup section */
		A6A692231A3766E300414E73 /* iPhone.storyboard */ = {
			isa = PBXVariantGroup;
			children = (
				A6A692241A3766E300414E73 /* Base */,
			);
			name = iPhone.storyboard;
			sourceTree = "<group>";
		};
		A6A692281A3766E300414E73 /* LaunchScreen.xib */ = {
			isa = PBXVariantGroup;
			children = (
				A6A692291A3766E300414E73 /* Base */,
			);
			name = LaunchScreen.xib;
			sourceTree = "<group>";
		};
		A6A8B87A1A37C1E60096BCAB /* iPad.storyboard */ = {
			isa = PBXVariantGroup;
			children = (
				A6A8B87B1A37C1E60096BCAB /* Base */,
			);
			name = iPad.storyboard;
			path = ..;
			sourceTree = "<group>";
		};
/* End PBXVariantGroup section */

/* Begin XCBuildConfiguration section */
		A6A692371A3766E300414E73 /* Debug */ = {
			isa = XCBuildConfiguration;
			buildSettings = {
				ALWAYS_SEARCH_USER_PATHS = NO;
				CLANG_CXX_LANGUAGE_STANDARD = "gnu++0x";
				CLANG_CXX_LIBRARY = "libc++";
				CLANG_ENABLE_MODULES = YES;
				CLANG_ENABLE_OBJC_ARC = YES;
				CLANG_WARN_BOOL_CONVERSION = YES;
				CLANG_WARN_CONSTANT_CONVERSION = YES;
				CLANG_WARN_DIRECT_OBJC_ISA_USAGE = YES_ERROR;
				CLANG_WARN_EMPTY_BODY = YES;
				CLANG_WARN_ENUM_CONVERSION = YES;
				CLANG_WARN_INT_CONVERSION = YES;
				CLANG_WARN_OBJC_ROOT_CLASS = YES_ERROR;
				CLANG_WARN_UNREACHABLE_CODE = YES;
				CLANG_WARN__DUPLICATE_METHOD_MATCH = YES;
				"CODE_SIGN_IDENTITY[sdk=iphoneos*]" = "iPhone Developer";
				COPY_PHASE_STRIP = NO;
				ENABLE_STRICT_OBJC_MSGSEND = YES;
				GCC_C_LANGUAGE_STANDARD = gnu99;
				GCC_DYNAMIC_NO_PIC = NO;
				GCC_OPTIMIZATION_LEVEL = 0;
				GCC_PREPROCESSOR_DEFINITIONS = (
					"DEBUG=1",
					"$(inherited)",
				);
				GCC_SYMBOLS_PRIVATE_EXTERN = NO;
				GCC_WARN_64_TO_32_BIT_CONVERSION = YES;
				GCC_WARN_ABOUT_RETURN_TYPE = YES_ERROR;
				GCC_WARN_UNDECLARED_SELECTOR = YES;
				GCC_WARN_UNINITIALIZED_AUTOS = YES_AGGRESSIVE;
				GCC_WARN_UNUSED_FUNCTION = YES;
				GCC_WARN_UNUSED_VARIABLE = YES;
				IPHONEOS_DEPLOYMENT_TARGET = 8.1;
				MTL_ENABLE_DEBUG_INFO = YES;
				ONLY_ACTIVE_ARCH = YES;
				SDKROOT = iphoneos;
				TARGETED_DEVICE_FAMILY = "1,2";
			};
			name = Debug;
		};
		A6A692381A3766E300414E73 /* Release */ = {
			isa = XCBuildConfiguration;
			buildSettings = {
				ALWAYS_SEARCH_USER_PATHS = NO;
				CLANG_CXX_LANGUAGE_STANDARD = "gnu++0x";
				CLANG_CXX_LIBRARY = "libc++";
				CLANG_ENABLE_MODULES = YES;
				CLANG_ENABLE_OBJC_ARC = YES;
				CLANG_WARN_BOOL_CONVERSION = YES;
				CLANG_WARN_CONSTANT_CONVERSION = YES;
				CLANG_WARN_DIRECT_OBJC_ISA_USAGE = YES_ERROR;
				CLANG_WARN_EMPTY_BODY = YES;
				CLANG_WARN_ENUM_CONVERSION = YES;
				CLANG_WARN_INT_CONVERSION = YES;
				CLANG_WARN_OBJC_ROOT_CLASS = YES_ERROR;
				CLANG_WARN_UNREACHABLE_CODE = YES;
				CLANG_WARN__DUPLICATE_METHOD_MATCH = YES;
				"CODE_SIGN_IDENTITY[sdk=iphoneos*]" = "iPhone Developer";
				COPY_PHASE_STRIP = YES;
				ENABLE_NS_ASSERTIONS = NO;
				ENABLE_STRICT_OBJC_MSGSEND = YES;
				GCC_C_LANGUAGE_STANDARD = gnu99;
				GCC_WARN_64_TO_32_BIT_CONVERSION = YES;
				GCC_WARN_ABOUT_RETURN_TYPE = YES_ERROR;
				GCC_WARN_UNDECLARED_SELECTOR = YES;
				GCC_WARN_UNINITIALIZED_AUTOS = YES_AGGRESSIVE;
				GCC_WARN_UNUSED_FUNCTION = YES;
				GCC_WARN_UNUSED_VARIABLE = YES;
				IPHONEOS_DEPLOYMENT_TARGET = 8.1;
				MTL_ENABLE_DEBUG_INFO = NO;
				ONLY_ACTIVE_ARCH = YES;
				SDKROOT = iphoneos;
				TARGETED_DEVICE_FAMILY = "1,2";
				VALIDATE_PRODUCT = YES;
			};
			name = Release;
		};
		A6A6923A1A3766E300414E73 /* Debug */ = {
			isa = XCBuildConfiguration;
			buildSettings = {
				ASSETCATALOG_COMPILER_APPICON_NAME = AppIcon;
				CODE_SIGN_IDENTITY = "iPhone Developer";
				INFOPLIST_FILE = "GRE Verbal Practice/Info.plist";
				IPHONEOS_DEPLOYMENT_TARGET = 8.1;
				LD_RUNPATH_SEARCH_PATHS = "$(inherited) @executable_path/Frameworks";
				PRODUCT_NAME = "$(TARGET_NAME)";
				TARGETED_DEVICE_FAMILY = "1,2";
			};
			name = Debug;
		};
		A6A6923B1A3766E300414E73 /* Release */ = {
			isa = XCBuildConfiguration;
			buildSettings = {
				ASSETCATALOG_COMPILER_APPICON_NAME = AppIcon;
				CODE_SIGN_IDENTITY = "iPhone Developer";
				INFOPLIST_FILE = "GRE Verbal Practice/Info.plist";
				IPHONEOS_DEPLOYMENT_TARGET = 8.1;
				LD_RUNPATH_SEARCH_PATHS = "$(inherited) @executable_path/Frameworks";
				PRODUCT_NAME = "$(TARGET_NAME)";
				TARGETED_DEVICE_FAMILY = "1,2";
			};
			name = Release;
		};
		A6A6923D1A3766E300414E73 /* Debug */ = {
			isa = XCBuildConfiguration;
			buildSettings = {
				BUNDLE_LOADER = "$(TEST_HOST)";
				FRAMEWORK_SEARCH_PATHS = (
					"$(SDKROOT)/Developer/Library/Frameworks",
					"$(inherited)",
				);
				GCC_PREPROCESSOR_DEFINITIONS = (
					"DEBUG=1",
					"$(inherited)",
				);
				INFOPLIST_FILE = "GRE Verbal PracticeTests/Info.plist";
				LD_RUNPATH_SEARCH_PATHS = "$(inherited) @executable_path/Frameworks @loader_path/Frameworks";
				PRODUCT_NAME = "$(TARGET_NAME)";
				TARGETED_DEVICE_FAMILY = 1;
				TEST_HOST = "$(BUILT_PRODUCTS_DIR)/GRE Verbal Practice.app/GRE Verbal Practice";
			};
			name = Debug;
		};
		A6A6923E1A3766E300414E73 /* Release */ = {
			isa = XCBuildConfiguration;
			buildSettings = {
				BUNDLE_LOADER = "$(TEST_HOST)";
				FRAMEWORK_SEARCH_PATHS = (
					"$(SDKROOT)/Developer/Library/Frameworks",
					"$(inherited)",
				);
				INFOPLIST_FILE = "GRE Verbal PracticeTests/Info.plist";
				LD_RUNPATH_SEARCH_PATHS = "$(inherited) @executable_path/Frameworks @loader_path/Frameworks";
				PRODUCT_NAME = "$(TARGET_NAME)";
				TARGETED_DEVICE_FAMILY = 1;
				TEST_HOST = "$(BUILT_PRODUCTS_DIR)/GRE Verbal Practice.app/GRE Verbal Practice";
			};
			name = Release;
		};
/* End XCBuildConfiguration section */

/* Begin XCConfigurationList section */
		A6A6920B1A3766E300414E73 /* Build configuration list for PBXProject "GRE Verbal Practice" */ = {
			isa = XCConfigurationList;
			buildConfigurations = (
				A6A692371A3766E300414E73 /* Debug */,
				A6A692381A3766E300414E73 /* Release */,
			);
			defaultConfigurationIsVisible = 0;
			defaultConfigurationName = Release;
		};
		A6A692391A3766E300414E73 /* Build configuration list for PBXNativeTarget "GRE Verbal Practice" */ = {
			isa = XCConfigurationList;
			buildConfigurations = (
				A6A6923A1A3766E300414E73 /* Debug */,
				A6A6923B1A3766E300414E73 /* Release */,
			);
			defaultConfigurationIsVisible = 0;
			defaultConfigurationName = Release;
		};
		A6A6923C1A3766E300414E73 /* Build configuration list for PBXNativeTarget "GRE Verbal PracticeTests" */ = {
			isa = XCConfigurationList;
			buildConfigurations = (
				A6A6923D1A3766E300414E73 /* Debug */,
				A6A6923E1A3766E300414E73 /* Release */,
			);
			defaultConfigurationIsVisible = 0;
			defaultConfigurationName = Release;
		};
/* End XCConfigurationList section */

/* Begin XCVersionGroup section */
		A6A6921A1A3766E300414E73 /* GRE_Verbal_Practice.xcdatamodeld */ = {
			isa = XCVersionGroup;
			children = (
				A6A6921B1A3766E300414E73 /* GRE_Verbal_Practice.xcdatamodel */,
			);
			currentVersion = A6A6921B1A3766E300414E73 /* GRE_Verbal_Practice.xcdatamodel */;
			path = GRE_Verbal_Practice.xcdatamodeld;
			sourceTree = "<group>";
			versionGroupType = wrapper.xcdatamodel;
		};
/* End XCVersionGroup section */
	};
	rootObject = A6A692081A3766E300414E73 /* Project object */;
}
